{
  "version": 2,
  "dependencies": {
    "net10.0": {
      "AspNetCore.SassCompiler": {
        "type": "Direct",
        "requested": "[1.80.6, )",
        "resolved": "1.80.6",
        "contentHash": "pqhQSjIPvFgR0dJM6lCwYqbr2pYZnX0FMNiOP8lFPCRufK0oOTzaF44eo22QcUs1frVtL/I0IKUtY4SDbeQtFw==",
        "dependencies": {
          "Microsoft.Extensions.Configuration.Binder": "3.1.0",
          "Microsoft.Extensions.DependencyInjection.Abstractions": "3.1.0",
          "Microsoft.Extensions.Hosting.Abstractions": "3.1.0",
          "Microsoft.Extensions.Options": "3.1.0"
        }
      },
      "Microsoft.AspNetCore.Components.QuickGrid": {
        "type": "Direct",
        "requested": "[10.0.12, )",
        "resolved": "10.0.12",
        "contentHash": "i2EOZdj8vblHsQS0T3w+I49Qr3dK03nFDvD2t7C/NbSLq3rkZsJCQsdegvemd11/bE/ZlYJtcq0rYRjD1jr45w==",
        "dependencies": {
          "Microsoft.AspNetCore.Components.Web": "10.0.12"
        }
      },
      "Microsoft.AspNetCore.Components.Web": {
        "type": "Direct",
        "requested": "[10.0.12, )",
        "resolved": "10.0.12",
        "contentHash": "VFmcGnah8P8uxJ+/olJgw0e3IX6THGmxqKH+5E7K/kRKjcLXIYNTKsE4EyiJG8AjtxH65aKNUsobpI4Zqc6hmg==",
        "dependencies": {
          "Microsoft.AspNetCore.Components": "10.0.12",
          "Microsoft.AspNetCore.Components.Forms": "10.0.12",
          "Microsoft.Extensions.DependencyInjection": "10.0.12",
          "Microsoft.Extensions.Primitives": "10.0.12",
          "Microsoft.JSInterop": "10.0.12"
        }
      },
      "Microsoft.TypeScript.MSBuild": {
        "type": "Direct",
        "requested": "[7.0.1, )",
        "resolved": "7.0.1",
        "contentHash": "C7tSjjLX0LZGu9BQ/xShsfuKujOqkWrRrko3qm8BT39NR1CuqywEDEFuu8grS90u9mhwdr+EW4j/lWtekvlHQQ=="
      },
      "NTypewriter.CodeModel": {
        "type": "Direct",
        "requested": "[0.5.9, )",
        "resolved": "0.5.9",
        "contentHash": "IZM4Z7qeWyNCi2z9KEXcsBdWVKMd5trl3UA4HaIN4/6S6+yhtsFc84MlGB7+0wZMWy0Ylyt6RnG6JLhMRuDZgQ=="
      },
      "NTypewriter.SourceGenerator": {
        "type": "Direct",
        "requested": "[0.5.9, )",
        "resolved": "0.5.9",
        "contentHash": "ObL4LBYu0POqvSb2taZsMOkGCdizyJcxmv72yMWzfEjgs9h+eMWQnFrsmpvk0qQfelibjRBd8SGDO6XJt6SV+Q=="
      },
      "Roslynator.Analyzers": {
        "type": "Direct",
        "requested": "[4.15.0, )",
        "resolved": "4.15.0",
        "contentHash": "E8fu71Y+vzhniJKy1K13Rzwm8Vjcj7CDFBpflqncKUZfc3SzuF0kMBiyMmgXNPkjWTdE3Z+30HlGgYjHONZY/Q=="
      },
      "Roslynator.Formatting.Analyzers": {
        "type": "Direct",
        "requested": "[4.15.0, )",
        "resolved": "4.15.0",
        "contentHash": "/LvSJGJbrx+OYC2GePmiAA9fRTfz37R/oaHC2j8YK/j9lE8ykZESCGTMVGqXF5woc6RbzfJlpYkzeG6fAV6hFQ=="
      },
      "Tenekon.MSBuild.Packaging.ProjectBuildInPackage": {
        "type": "Direct",
        "requested": "[2.0.0, )",
        "resolved": "2.0.0",
        "contentHash": "Ow37PSUBuOI+y34MpTlpMSnnAAX40RC+SP3ZH1ud8D38dR5fH/IwKGsLAfPK0mQTqM8GyNIfcJ5uq1/p2X5wiQ=="
      },
      "ViciOne.CodeAnalysis": {
        "type": "Direct",
        "requested": "[1.7.0, )",
        "resolved": "1.7.0",
        "contentHash": "rxY6ZdH/V0n/va0T6Kcbq0XCmhCnueA1iCj2gu1i6+gxVsAw+mk0HsYMoCiGB0aVRVplMc2fBRW4deJt0U3HsA=="
      },
      "ViciOne.MSBuild.Extensions.JavaScriptImportRewriting": {
        "type": "Direct",
        "requested": "[1.0.0, )",
        "resolved": "1.0.0",
        "contentHash": "U9wMdYj4CInkTi3lCPgDiA+KIM1jvxgXimRradThS78OuHZyBfS1FsWWHSIUdOJmOh4H7iB+G0e9WFJ3M3/CFg=="
      },
      "ViciOne.Ui.Design": {
        "type": "Direct",
        "requested": "[2.5.0, )",
        "resolved": "2.5.0",
        "contentHash": "kVPKESvDHdC4bJxdxl/UWrorAxThINDlpVqZqYXnB5wb1KdTRAEDQIRhxoH9Ki9m66SGdWG4N9zSFX1185so/Q=="
      },
      "ViciOne.Ui.Localization": {
        "type": "Direct",
        "requested": "[3.0.1, )",
        "resolved": "3.0.1",
        "contentHash": "8B3ssYUJ38bxV2bGUQUPSekmK2YQ9pwXptmdXsBHOsqIku0G22kXef57Wu0zo13g9Lsf6C7KTSdi5ouCW36z+g=="
      },
      "ViciOne.Ui.MonochromeIcons.Components": {
        "type": "Direct",
        "requested": "[4.18.0, )",
        "resolved": "4.18.0",
        "contentHash": "DEkoluUnucCPQFCnBITTwEnmCw3dzRT9u0soBaX9VQF5qoLAs4Ub4B4foa8a436QzcbOKMNST1NpIUvgdz4YdQ==",
        "dependencies": {
          "Microsoft.AspNetCore.Components.Web": "10.0.11",
          "ViciOne.Ui.MonochromeIcons.Assets": "4.18.0",
          "ViciOne.Ui.MonochromeIcons.Core": "4.18.0"
        }
      },
      "Microsoft.AspNetCore.Authorization": {
        "type": "Transitive",
        "resolved": "10.0.12",
        "contentHash": "k4UspALZJWyBlb4rGPjMYO3p1/muEN6cJZTlWPfoRFU/LRP4fx1m19imWI/i/x7Sh9kNnldqlq+DU6w8pPnOtQ==",
        "dependencies": {
          "Microsoft.AspNetCore.Metadata": "10.0.12",
          "Microsoft.Extensions.Diagnostics": "10.0.12",
          "Microsoft.Extensions.Logging.Abstractions": "10.0.12",
          "Microsoft.Extensions.Options": "10.0.12"
        }
      },
      "Microsoft.AspNetCore.Components": {
        "type": "Transitive",
        "resolved": "10.0.12",
        "contentHash": "NyGmmcvuo3fYpFDJKpKLHDqVfS0egBgx2E6d+oIeN0bu573INc6m8RWtFwkD+pDd8l34XkJKjO2vAOgEaeZUUg==",
        "dependencies": {
          "Microsoft.AspNetCore.Authorization": "10.0.12",
          "Microsoft.AspNetCore.Components.Analyzers": "10.0.12"
        }
      },
      "Microsoft.AspNetCore.Components.Analyzers": {
        "type": "Transitive",
        "resolved": "10.0.12",
        "contentHash": "XXK/4sZejrRUFmm1uU6iSwcsfzURFpqXRzm3ycALmgmk8zl6HwXFMKjPgrO5azVPlrHeNPYRftMukjbwD4fa1w=="
      },
      "Microsoft.AspNetCore.Components.Forms": {
        "type": "Transitive",
        "resolved": "10.0.12",
        "contentHash": "11XKiT7Bmj4U87PGYUjX+SsgPClZZ9xsDQktERyxb5QgEyIEHHBbCGSADXHpZ2+b5Xpq7HvHvHdWEwD+XByE0Q==",
        "dependencies": {
          "Microsoft.AspNetCore.Components": "10.0.12",
          "Microsoft.Extensions.Validation": "10.0.12"
        }
      },
      "Microsoft.AspNetCore.Metadata": {
        "type": "Transitive",
        "resolved": "10.0.12",
        "contentHash": "KxeBBg1dEf3/Qr3VzghQIG5WDl8v4a+Kzr1pizRVidi5qMm+ymHYSB6vfO9tL20AXv1a5prQtwNQZqTfdeFYCQ=="
      },
      "Microsoft.Extensions.Configuration.Abstractions": {
        "type": "Transitive",
        "resolved": "10.0.12",
        "contentHash": "8xaGcvS/qZ1otoxPQCEJkNva389CVL/plNcvIETZhQTETYdRkYDPEYhUMoAGONo4FU45ufdfE0j29AfWVVj0wA==",
        "dependencies": {
          "Microsoft.Extensions.Primitives": "10.0.12"
        }
      },
      "Microsoft.Extensions.DependencyInjection": {
        "type": "Transitive",
        "resolved": "10.0.12",
        "contentHash": "lXyK2O5GoYvfxW8eCFcD16JFbcoSTM1sJkAM0UHS1jZyl9NYMW64Tqm6OQFT0IDBjZi+xHt95/Zg+nxZhGFhZg==",
        "dependencies": {
          "Microsoft.Extensions.DependencyInjection.Abstractions": "10.0.12"
        }
      },
      "Microsoft.Extensions.Diagnostics": {
        "type": "Transitive",
        "resolved": "10.0.12",
        "contentHash": "amx0O/R4dReqKlC3T740+CHpX8D8tAIV0f5kAPfFi4XK9jYo9BSepGt9/rWfvvCoSMaZ1+XvnqPp/Vv2fmTdAg==",
        "dependencies": {
          "Microsoft.Extensions.Configuration": "10.0.12",
          "Microsoft.Extensions.Diagnostics.Abstractions": "10.0.12",
          "Microsoft.Extensions.Options.ConfigurationExtensions": "10.0.12"
        }
      },
      "Microsoft.Extensions.Diagnostics.Abstractions": {
        "type": "Transitive",
        "resolved": "10.0.12",
        "contentHash": "fMp91qlRlMOuHfMyp7LuAnOS+MOeWTF1obJmyFcs4nZCXu6pr+QB1AbFJcl2qpBltBrqF/Y7+Rn9IuNcSuctig==",
        "dependencies": {
          "Microsoft.Extensions.DependencyInjection.Abstractions": "10.0.12",
          "Microsoft.Extensions.Options": "10.0.12"
        }
      },
      "Microsoft.Extensions.FileProviders.Abstractions": {
        "type": "Transitive",
        "resolved": "3.1.0",
        "contentHash": "G3iBMOnn3tETEUvkE9J3a23wQpRkiXZp73zR0XNlicjLFhkeWW1FCaC2bTjrgHhPi2KO6x0BXnHvVuJPIlygBQ==",
        "dependencies": {
          "Microsoft.Extensions.Primitives": "3.1.0"
        }
      },
      "Microsoft.Extensions.Hosting.Abstractions": {
        "type": "Transitive",
        "resolved": "3.1.0",
        "contentHash": "LiOP1ceFaPBxaE28SOjtORzOVCJk33TT5VQ/Cg5EoatZh1dxpPAgAV/0ruzWKQE7WAHU3F1H9Z6rFgsQwIb9uQ==",
        "dependencies": {
          "Microsoft.Extensions.Configuration.Abstractions": "3.1.0",
          "Microsoft.Extensions.DependencyInjection.Abstractions": "3.1.0",
          "Microsoft.Extensions.FileProviders.Abstractions": "3.1.0",
          "Microsoft.Extensions.Logging.Abstractions": "3.1.0"
        }
      },
      "Microsoft.Extensions.Logging": {
        "type": "Transitive",
        "resolved": "10.0.11",
        "contentHash": "nUOJwgFkSiLHiVGFpU22pIJtuWYewuSYQ3JVuP/gdK8ASMT807Px+TYQiRWs6uSsOmoyFTaVCwKXTasczV6BpA==",
        "dependencies": {
          "Microsoft.Extensions.DependencyInjection": "10.0.11",
          "Microsoft.Extensions.Logging.Abstractions": "10.0.11",
          "Microsoft.Extensions.Options": "10.0.11"
        }
      },
      "Microsoft.Extensions.Logging.Abstractions": {
        "type": "Transitive",
        "resolved": "10.0.12",
        "contentHash": "+24lC4plfbEDNfLAdTV/SWKS7dW+16X4HdydO3R++134kSNTzcbYA4KpR1Hdh6uWisB8Za3AzwyOn+K+NxWIug==",
        "dependencies": {
          "Microsoft.Extensions.DependencyInjection.Abstractions": "10.0.12"
        }
      },
      "Microsoft.Extensions.Options": {
        "type": "Transitive",
        "resolved": "10.0.12",
        "contentHash": "TDYD33TSRpXKZWlmTXNlj5kCihxatmv2Ec1u6C+bMYLphCS7PoSLE9Pjd/nunDoE7yETk+LLKjVJX78HYtWjpA==",
        "dependencies": {
          "Microsoft.Extensions.DependencyInjection.Abstractions": "10.0.12",
          "Microsoft.Extensions.Primitives": "10.0.12"
        }
      },
      "Microsoft.Extensions.Options.ConfigurationExtensions": {
        "type": "Transitive",
        "resolved": "10.0.12",
        "contentHash": "rqpu4qj5WE9x1IHGXSIgHBKi7IUlQaHyp4aXCYIanG2OghlUMFZpZTgExaXwcvmLAJHsxKQWMPpc7D2WIbCVtA==",
        "dependencies": {
          "Microsoft.Extensions.Configuration.Abstractions": "10.0.12",
          "Microsoft.Extensions.Configuration.Binder": "10.0.12",
          "Microsoft.Extensions.DependencyInjection.Abstractions": "10.0.12",
          "Microsoft.Extensions.Options": "10.0.12",
          "Microsoft.Extensions.Primitives": "10.0.12"
        }
      },
      "Microsoft.Extensions.Primitives": {
        "type": "Transitive",
        "resolved": "10.0.12",
        "contentHash": "dYfCLR52UA+3DL7C4I/pvSaRPkNqxrUAQmbFL2u0zvYKKzqgrFCJl08Df+F1aYc8leu9JvpC9bsURUdpExcBXQ=="
      },
      "Microsoft.Extensions.Validation": {
        "type": "Transitive",
        "resolved": "10.0.12",
        "contentHash": "6aeYPe1BpiwZifwTQ07GzFrauMxRSh2lZC1oleWvaWB7afNR8cE8EvMuE6hP6X9yICVuKeBQC/jXhEGq1Y1QdQ==",
        "dependencies": {
          "Microsoft.Extensions.DependencyInjection.Abstractions": "10.0.12",
          "Microsoft.Extensions.Options": "10.0.12"
        }
      },
      "Microsoft.JSInterop": {
        "type": "Transitive",
        "resolved": "10.0.12",
        "contentHash": "bLgqhSs2YS3i2sOe8Mo11JzgdktB+/VADJXx2oSCE1crpg3RbFESn1mEBfiO4MjX9icW+An1zdGBFucIwIYwmA=="
      },
      "Microsoft.Extensions.Configuration": {
        "type": "CentralTransitive",
        "requested": "[10.0.12, )",
        "resolved": "10.0.12",
        "contentHash": "e3IPP32CRNL031VZJAUTlCTG0YN7WFh4mN3fsSHTDQCJB+3+f0jGycv4fXk3rrftaY3B85XrQaj7sRthrOsavg==",
        "dependencies": {
          "Microsoft.Extensions.Configuration.Abstractions": "10.0.12",
          "Microsoft.Extensions.Primitives": "10.0.12"
        }
      },
      "Microsoft.Extensions.Configuration.Binder": {
        "type": "CentralTransitive",
        "requested": "[10.0.12, )",
        "resolved": "10.0.12",
        "contentHash": "dAgIf1TOr8KLs+aBRIbXUZBjHoSH4rDG8+XkX/Q6AZwkQdMA0+yPDKTHsieeXdZDfpOpZVHzOnuAb5Z2nX3KsA==",
        "dependencies": {
          "Microsoft.Extensions.Configuration": "10.0.12",
          "Microsoft.Extensions.Configuration.Abstractions": "10.0.12"
        }
      },
      "Microsoft.Extensions.DependencyInjection.Abstractions": {
        "type": "CentralTransitive",
        "requested": "[10.0.12, )",
        "resolved": "10.0.12",
        "contentHash": "9/qymSh7hVDMGTGwrLz8MRp5zRyXy9adGDOs4HwRdnLil3oZGYuWeZjbmHgCQ9BL1qBroVfgUK3U/nb61617Cw=="
      },
      "ViciOne.Ui.MonochromeIcons.Assets": {
        "type": "CentralTransitive",
        "requested": "[4.18.0, )",
        "resolved": "4.18.0",
        "contentHash": "mzew6/7iHA/MR9UZFRlFb11gb68vy3CvHCASU3DHT9CoeKuOgI8jFoHszutzWrDAT65nXiu8f5Rip77Ib/ziFg==",
        "dependencies": {
          "Microsoft.AspNetCore.Components.Web": "10.0.11",
          "Microsoft.Extensions.Logging": "10.0.11",
          "ViciOne.Ui.MonochromeIcons.Core": "4.18.0"
        }
      },
      "ViciOne.Ui.MonochromeIcons.Core": {
        "type": "CentralTransitive",
        "requested": "[4.18.0, )",
        "resolved": "4.18.0",
        "contentHash": "Fclq2iYQodfCIWwsC5Q0OShSFjhNG7VA3vlbvTXgSPpvhrmaPfe6DjOpE1R9+EB1wfooItdS3my5V/1cgMtKsg=="
      }
    },
    "net10.0/linux-arm64": {},
    "net10.0/linux-x64": {},
    "net10.0/win-x64": {}
  }
}