<Solution>
  <Folder Name="/.adr/">
    <File Path=".adr/0001-use-semaphore-with-reentrant-async-lock.md" />
  </Folder>
  <Folder Name="/.claude/" />
  <Folder Name="/.claude/commands/">
    <File Path=".claude/commands/delete-orphaned-css.md" />
    <File Path=".claude/commands/improve-comment-clarity.md" />
  </Folder>
  <Folder Name="/.claude/skills/" />
  <Folder Name="/.claude/skills/delete-orphaned-css/">
    <File Path=".claude/skills/delete-orphaned-css/SKILL.md" />
  </Folder>
  <Folder Name="/.claude/skills/improve-comment-clarity/">
    <File Path=".claude/skills/improve-comment-clarity/SKILL.md" />
  </Folder>
  <Folder Name="/.github/">
    <File Path=".github/copilot-instructions.md" />
  </Folder>
  <Folder Name="/.github/prompts/">
    <File Path=".github/prompts/add-playwright-test.prompt.md" />
    <File Path=".github/prompts/delete-orphaned-css.prompt.md" />
    <File Path=".github/prompts/improve-comment-clarity.prompt.md" />
  </Folder>
  <Folder Name="/.playwright-mcp/">
    <File Path=".playwright-mcp/.gitignore" />
  </Folder>
  <Folder Name="/.vscode/">
    <File Path=".vscode/mcp.json" />
  </Folder>
  <Folder Name="/docs/">
    <File Path="docs/commit-message-style.md" />
    <File Path="docs/csharp-code-style.md" />
    <File Path="docs/documentation-style.md" />
    <File Path="docs/scss-code-style.md" />
  </Folder>
  <Folder Name="/samples/">
    <File Path="samples/.editorconfig" />
    <Project Path="samples/Client/Client.csproj" />
    <Project Path="samples/Server/Server.csproj" />
    <Project Path="samples/Shared/Shared.csproj" />
  </Folder>
  <Folder Name="/Solution Items/">
    <File Path=".editorconfig" />
    <File Path=".gitattributes" />
    <File Path=".gitignore" />
    <File Path=".gitlab-ci.yml" />
    <File Path=".globalconfig" />
    <File Path="AGENTS.md" />
    <File Path="CHANGELOG.md" />
    <File Path="CLAUDE.md" />
    <File Path="Directory.Build.props" />
    <File Path="Directory.Packages.props" />
    <File Path="eslint.config.mjs" />
    <File Path="global.json" />
    <File Path="LICENSE.txt" />
    <File Path="mise.toml" />
    <File Path="NuGet.Config" />
    <File Path="package-lock.json" />
    <File Path="package.json" />
    <File Path="README.md" />
    <File Path="renovate.json" />
    <File Path="testconfig.json" />
    <File Path="TypeScript.props" />
    <File Path="VERSION" />
  </Folder>
  <Folder Name="/src/">
    <File Path="src/.editorconfig" />
    <Project Path="src/ViciOne.Ui.Blazor.Components.Resources/ViciOne.Ui.Blazor.Components.Resources.csproj" />
    <Project Path="src/ViciOne.Ui.Blazor.Components.TestingHelpers/ViciOne.Ui.Blazor.Components.TestingHelpers.csproj" />
    <Project Path="src/ViciOne.Ui.Blazor.Components/ViciOne.Ui.Blazor.Components.csproj" />
  </Folder>
  <Folder Name="/tests/">
    <File Path="tests/.editorconfig" />
    <File Path="tests/AGENTS.md" />
    <File Path="tests/xunit.runner.json" />
    <Project Path="tests/Server.Tests/Server.Tests.csproj" />
    <Project Path="tests/Shared.Tests/Shared.Tests.csproj" />
    <Project Path="tests/ViciOne.Ui.Blazor.Components.Tests/ViciOne.Ui.Blazor.Components.Tests.csproj" />
  </Folder>
</Solution>
