{
  "version": 2,
  "dependencies": {
    "net10.0": {
      "Microsoft.AspNetCore.App.Internal.Assets": {
        "type": "Direct",
        "requested": "[10.0.6, )",
        "resolved": "10.0.6",
        "contentHash": "3jRLKtAXwSCVDX0vUmGTDwcbSmL05jtf5vUHB9QXpw3wDbT0qU0dUJyKAOKgvwW3j0FI+aHHMbKIZCM63SPkOA=="
      },
      "Microsoft.AspNetCore.Components.WebAssembly": {
        "type": "Direct",
        "requested": "[10.0.6, )",
        "resolved": "10.0.6",
        "contentHash": "eLdaMWy0l2GaKp/IaxS7LZMuKpsCTGMYaTBkZLGdkg4RExzQs4vKBqw5Lm2Z2bF6vc7YZOo3DdDWs2GqAzMb9g==",
        "dependencies": {
          "Microsoft.AspNetCore.Components.Web": "10.0.6",
          "Microsoft.Extensions.Configuration.Binder": "10.0.6",
          "Microsoft.Extensions.Configuration.Json": "10.0.6",
          "Microsoft.Extensions.Logging": "10.0.6",
          "Microsoft.JSInterop.WebAssembly": "10.0.6"
        }
      },
      "Microsoft.AspNetCore.Components.WebAssembly.DevServer": {
        "type": "Direct",
        "requested": "[10.0.6, )",
        "resolved": "10.0.6",
        "contentHash": "XuQG+YPThyn8F8EZCAnckdG2G2lMWDhJaEa1wk26aLGh3M86QsoJvvpNU/VuIeET3UiW7RA8SHU6CXbAxtvMVw=="
      },
      "Microsoft.DotNet.HotReload.WebAssembly.Browser": {
        "type": "Direct",
        "requested": "[10.0.202, )",
        "resolved": "10.0.202",
        "contentHash": "//aZ/qUD7sc2gcUlraZe4yD0jzxRv7uwUMuuDe7Wdlz404vgLpsdt5xD2l44VHjyUuOgH27ulK3MdJgQVjofzA=="
      },
      "Microsoft.NET.ILLink.Tasks": {
        "type": "Direct",
        "requested": "[10.0.6, )",
        "resolved": "10.0.6",
        "contentHash": "QKuvS0LWX4fjFqeDkyM7Kqt8P3wYTiPD4nwU+9y59n0sCiG714fxDgbbN82vDnzq89AF/PiHl92TP2C4aFDUQA=="
      },
      "Microsoft.NET.Sdk.WebAssembly.Pack": {
        "type": "Direct",
        "requested": "[10.0.6, )",
        "resolved": "10.0.6",
        "contentHash": "oFYqOGIx/6iD4IapqC6nk1MhjhdVMjLcMNoUbbwEt9zIGsUnJWQsUhSOoN+mY6HSIE35J3QVsxiCzkCMpLKM7A=="
      },
      "Roslynator.Analyzers": {
        "type": "Direct",
        "requested": "[4.14.1, )",
        "resolved": "4.14.1",
        "contentHash": "yMSjze/xMYDF6PCE60/ULWx0tttNyKAndw2KijNxbKil0FX8nvDeEneDZGma8Uifk17RlfZqIXxf1mmBmhRHjg=="
      },
      "Roslynator.Formatting.Analyzers": {
        "type": "Direct",
        "requested": "[4.14.1, )",
        "resolved": "4.14.1",
        "contentHash": "hALZsyELJXhj7WQw7Q7nLI7sELre8AlQIMyGxXpmpK+iBqShPcWHuJMGjIsTMa/bC8Q5xyQ4iFfRtm0bP1zisQ=="
      },
      "ViciOne.CodeAnalysis": {
        "type": "Direct",
        "requested": "[1.5.0, )",
        "resolved": "1.5.0",
        "contentHash": "wKct0pLyQfLpZkRIbF2SEGPD6RKsuWfPl6D2caMMeJj6asE2zuF/wly+Fdcnu3CDvfKSDzv0NgDvqR7W9ft6XA=="
      },
      "Microsoft.AspNetCore.Authorization": {
        "type": "Transitive",
        "resolved": "10.0.6",
        "contentHash": "SOQAX9+nxIi/nDFmEsWGpslZHg6hIDIQqCc8SrPuMOgLR46LUoyT8paAq1cC4LkydxF03SN7Mp2/UxR8u8kUAg==",
        "dependencies": {
          "Microsoft.AspNetCore.Metadata": "10.0.6",
          "Microsoft.Extensions.Diagnostics": "10.0.6",
          "Microsoft.Extensions.Logging.Abstractions": "10.0.6",
          "Microsoft.Extensions.Options": "10.0.6"
        }
      },
      "Microsoft.AspNetCore.Components": {
        "type": "Transitive",
        "resolved": "10.0.6",
        "contentHash": "aZL6XDgJPHD1FQKEnmNZC7ggwBlS+DCQbgeTEt+8oCv3RDgRTt0jmcTY4ga1QPeDS+41ezBzzZVO/xn2HTMhXA==",
        "dependencies": {
          "Microsoft.AspNetCore.Authorization": "10.0.6",
          "Microsoft.AspNetCore.Components.Analyzers": "10.0.6"
        }
      },
      "Microsoft.AspNetCore.Components.Analyzers": {
        "type": "Transitive",
        "resolved": "10.0.6",
        "contentHash": "xsF4gW3bHj9zzgfpeGOiW1IePPOX7X4JfU1WAZTpOFd2mPEV0/3jwaB8eBvRkjxTHRHRRt2pGwfTDxL2nUpe2A=="
      },
      "Microsoft.AspNetCore.Components.Forms": {
        "type": "Transitive",
        "resolved": "10.0.6",
        "contentHash": "BJDY2MUArzhn7er0muB4Xopx7Zggp02Sz76f7lRa6vzyjq3ngr9NSLUH/h7vGf+N9r1AjqldXo4A+O0hTLCBmg==",
        "dependencies": {
          "Microsoft.AspNetCore.Components": "10.0.6",
          "Microsoft.Extensions.Validation": "10.0.6"
        }
      },
      "Microsoft.AspNetCore.Metadata": {
        "type": "Transitive",
        "resolved": "10.0.6",
        "contentHash": "Nk3SkfLYH/8E9woqOIO2TwGgVO7ksxxVb03iv4VvhaT4pGwOCnuNbYuK+8uRcHTvABayLdI49iSame+yd2M13Q=="
      },
      "Microsoft.Extensions.Configuration.Abstractions": {
        "type": "Transitive",
        "resolved": "10.0.6",
        "contentHash": "a7bA7IT3ngIgcOMb/2MVH5CcfSxUCeQ6QXWS1Vt6oFpzLTH3U1+J2Xtc64Uw3whX9akYG8eR/UQeEzxo64zZLg==",
        "dependencies": {
          "Microsoft.Extensions.Primitives": "10.0.6"
        }
      },
      "Microsoft.Extensions.Configuration.FileExtensions": {
        "type": "Transitive",
        "resolved": "10.0.6",
        "contentHash": "hils30RkqBbtQVupvgUr7sgxJUYPc6YMEDge1QAXGTOhbRlqk2I0OH+BWMSsQjYnbGX2Ytl6EkrLgu9im6vE0w==",
        "dependencies": {
          "Microsoft.Extensions.Configuration": "10.0.6",
          "Microsoft.Extensions.Configuration.Abstractions": "10.0.6",
          "Microsoft.Extensions.FileProviders.Abstractions": "10.0.6",
          "Microsoft.Extensions.FileProviders.Physical": "10.0.6",
          "Microsoft.Extensions.Primitives": "10.0.6"
        }
      },
      "Microsoft.Extensions.Configuration.Json": {
        "type": "Transitive",
        "resolved": "10.0.6",
        "contentHash": "o/IG5ywTfT5U1ANCAC4w1vKtXapdL/OlunywrWboySYJB79eX0+mw7qxqNRkq1WMZOJoSyjPjbyZ17l3LS7A6Q==",
        "dependencies": {
          "Microsoft.Extensions.Configuration": "10.0.6",
          "Microsoft.Extensions.Configuration.Abstractions": "10.0.6",
          "Microsoft.Extensions.Configuration.FileExtensions": "10.0.6",
          "Microsoft.Extensions.FileProviders.Abstractions": "10.0.6"
        }
      },
      "Microsoft.Extensions.DependencyInjection": {
        "type": "Transitive",
        "resolved": "10.0.6",
        "contentHash": "poUvwtf92bEs8uBH3aRRs/ZgiAw+Z485EU7TtVPBt//MmD0uMPERe7+v3Ur7lpD8XgIEDL9sDoTBcW1LMG97CQ==",
        "dependencies": {
          "Microsoft.Extensions.DependencyInjection.Abstractions": "10.0.6"
        }
      },
      "Microsoft.Extensions.Diagnostics": {
        "type": "Transitive",
        "resolved": "10.0.6",
        "contentHash": "vbigpAOKX+Bbm2uJQ/AqXqONEPPB3ZYkynRT24vo5ZWF1rzKPtVjpkQkJx5qTGp2dqNV5In9QqboayqmKdvGUA==",
        "dependencies": {
          "Microsoft.Extensions.Configuration": "10.0.6",
          "Microsoft.Extensions.Diagnostics.Abstractions": "10.0.6",
          "Microsoft.Extensions.Options.ConfigurationExtensions": "10.0.6"
        }
      },
      "Microsoft.Extensions.Diagnostics.Abstractions": {
        "type": "Transitive",
        "resolved": "10.0.6",
        "contentHash": "L98Xe5C+xyKytLNLiEyQ0rcY8GNXAeAn1xKsE0YDxPx/mXBYYtRoj8pC2cnbSFQUlOzBkyO90ivMSV22SRETFg==",
        "dependencies": {
          "Microsoft.Extensions.DependencyInjection.Abstractions": "10.0.6",
          "Microsoft.Extensions.Options": "10.0.6"
        }
      },
      "Microsoft.Extensions.FileProviders.Abstractions": {
        "type": "Transitive",
        "resolved": "10.0.6",
        "contentHash": "iU/lPyrjHVA4jJ7Bl/VpXvgsAD4qJWc4oPSVJjMBeZjmv7IIo8wBKxnOUoXdZcSCUJ6MeBMs3WpXNfncO7OzRg==",
        "dependencies": {
          "Microsoft.Extensions.Primitives": "10.0.6"
        }
      },
      "Microsoft.Extensions.FileProviders.Physical": {
        "type": "Transitive",
        "resolved": "10.0.6",
        "contentHash": "t6T7umdzTKkSBOUMe5RYk826cTCsDU0hne9lPN5RGOSb3Kq0Xw8OEErM4zJ4dgZWV3G0ObK1Hf1IVU88uIKe6A==",
        "dependencies": {
          "Microsoft.Extensions.FileProviders.Abstractions": "10.0.6",
          "Microsoft.Extensions.FileSystemGlobbing": "10.0.6",
          "Microsoft.Extensions.Primitives": "10.0.6"
        }
      },
      "Microsoft.Extensions.FileSystemGlobbing": {
        "type": "Transitive",
        "resolved": "10.0.6",
        "contentHash": "EG9GuYJlj1o1G8maSpKceZdj88OehKFRWaWp8BWUQWlvIJDWD8N0sIYDoRMGL/yX85H8KbVYPR9+dH/UjPEiKw=="
      },
      "Microsoft.Extensions.Logging": {
        "type": "Transitive",
        "resolved": "10.0.6",
        "contentHash": "ZjpnbMD88IcZQE2pE9lcGv3mkH2mlApPWNh88ya1wJpcxZLp7p4aN7twI2FpawGPAsXNpmMgtKaz3o796YWKWQ==",
        "dependencies": {
          "Microsoft.Extensions.DependencyInjection": "10.0.6",
          "Microsoft.Extensions.Logging.Abstractions": "10.0.6",
          "Microsoft.Extensions.Options": "10.0.6"
        }
      },
      "Microsoft.Extensions.Logging.Abstractions": {
        "type": "Transitive",
        "resolved": "10.0.6",
        "contentHash": "1YgBO3wAy0dlpQyVTKWBSPND/t0yZHsvd3shGpbeEwH8JSb2hnFI2pNFrOOUi/stsp+T/dqwqmRIGh47ibo9bw==",
        "dependencies": {
          "Microsoft.Extensions.DependencyInjection.Abstractions": "10.0.6"
        }
      },
      "Microsoft.Extensions.Options": {
        "type": "Transitive",
        "resolved": "10.0.6",
        "contentHash": "v5RTWm+3Gdub21ADJeRG5bunOOxutFNBZk6qGH6Az4L5nyRZoLe3Kse7jfAyUcdEoiKp72XpNw/wGR+9wP+MtQ==",
        "dependencies": {
          "Microsoft.Extensions.DependencyInjection.Abstractions": "10.0.6",
          "Microsoft.Extensions.Primitives": "10.0.6"
        }
      },
      "Microsoft.Extensions.Options.ConfigurationExtensions": {
        "type": "Transitive",
        "resolved": "10.0.6",
        "contentHash": "O7xt1vYMxku2+/WpFkh6X8RzUtYbKR+XCt0KOO0W9TbRbFeQdfb9Nry/CdVq57kOyOKS3Z4qD1xqV/8LpJQ0Xw==",
        "dependencies": {
          "Microsoft.Extensions.Configuration.Abstractions": "10.0.6",
          "Microsoft.Extensions.Configuration.Binder": "10.0.6",
          "Microsoft.Extensions.DependencyInjection.Abstractions": "10.0.6",
          "Microsoft.Extensions.Options": "10.0.6",
          "Microsoft.Extensions.Primitives": "10.0.6"
        }
      },
      "Microsoft.Extensions.Primitives": {
        "type": "Transitive",
        "resolved": "10.0.6",
        "contentHash": "L8P21mqaG+CXvPheLndean/cHCOcItJqH8nx+0YQnK7wAiOR0G1IOC418ZSzTMD2D6Gmo0f2M5WR70XtpX2B8g=="
      },
      "Microsoft.Extensions.Validation": {
        "type": "Transitive",
        "resolved": "10.0.6",
        "contentHash": "eko7jLSdDAIAwW0kWDtZgGDjX8dN11rxlhetSTQz0jzNmK///16EJSB+SA9r7Drx+6J3KZOaC8IzyxmrXa36jw==",
        "dependencies": {
          "Microsoft.Extensions.DependencyInjection.Abstractions": "10.0.6",
          "Microsoft.Extensions.Options": "10.0.6"
        }
      },
      "Microsoft.JSInterop": {
        "type": "Transitive",
        "resolved": "10.0.6",
        "contentHash": "WbS70mPhaTFUnYFacLUN/7Ul/V4XQBcVXv+9ODUXVAf+mebXyx3lBaC7CGVogvUzcZuzv2Z7PSRY/FAAZEgCVA=="
      },
      "Microsoft.JSInterop.WebAssembly": {
        "type": "Transitive",
        "resolved": "10.0.6",
        "contentHash": "JZkBoGzuXMn7crqod9COqf5Cb+VL7YlHJKo5EutgteGoX87OJf9mlxomykTabuhnm4h5xvZzENPUD4ltDyok6w==",
        "dependencies": {
          "Microsoft.JSInterop": "10.0.6"
        }
      },
      "shared": {
        "type": "Project",
        "dependencies": {
          "Bogus": "[35.6.4, )",
          "Microsoft.AspNetCore.Components.Web": "[10.0.6, )",
          "ViciOne.Ui.Blazor.Components": "[5.9.0, )",
          "ViciOne.Ui.Localization": "[3.0.1, )",
          "ViciOne.Ui.MonochromeIcons.Components": "[4.5.0, )",
          "ViciOne.Ui.MonochromeIcons.Core": "[4.5.0, )"
        }
      },
      "vicione.ui.blazor.components": {
        "type": "Project",
        "dependencies": {
          "Microsoft.AspNetCore.Components.QuickGrid": "[10.0.6, )",
          "Microsoft.AspNetCore.Components.Web": "[10.0.6, )",
          "ViciOne.Ui.Localization": "[3.0.1, )",
          "ViciOne.Ui.MonochromeIcons.Components": "[4.5.0, )"
        }
      },
      "Bogus": {
        "type": "CentralTransitive",
        "requested": "[35.6.4, )",
        "resolved": "35.6.4",
        "contentHash": "9ruy4agpXZ2L3B29IypUZJh61/lq+7Tbs03KyS0Uxrkx7c20JuWB1vMtZ0xBqwnekZGphjBhX7MkhM1nb5BA5g=="
      },
      "Microsoft.AspNetCore.Components.QuickGrid": {
        "type": "CentralTransitive",
        "requested": "[10.0.6, )",
        "resolved": "10.0.6",
        "contentHash": "F4BxqgydITAo/fbQpljL1SA5lav47iOPXfwl2/jfHyEaRCUnPz7/FNWuiKBavCrlIzM8AAro1Exe5Y1hb/B5hw==",
        "dependencies": {
          "Microsoft.AspNetCore.Components.Web": "10.0.6"
        }
      },
      "Microsoft.AspNetCore.Components.Web": {
        "type": "CentralTransitive",
        "requested": "[10.0.6, )",
        "resolved": "10.0.6",
        "contentHash": "CRGeJHi1G0FBnzCnkLAmTgljVUQZvkMiO2euQVUpzZyM6qmvetlWN/LcW9HnP1+tI2n/1QJa+i0M7R2W5CLuAQ==",
        "dependencies": {
          "Microsoft.AspNetCore.Components": "10.0.6",
          "Microsoft.AspNetCore.Components.Forms": "10.0.6",
          "Microsoft.Extensions.DependencyInjection": "10.0.6",
          "Microsoft.Extensions.Primitives": "10.0.6",
          "Microsoft.JSInterop": "10.0.6"
        }
      },
      "Microsoft.Extensions.Configuration": {
        "type": "CentralTransitive",
        "requested": "[10.0.6, )",
        "resolved": "10.0.6",
        "contentHash": "lYQ9S1FGXIWIU7243RimdAXQYsFDeLhSSZvbSDwbeI/kCzZ4MIYXpp3kMQ+bDJXwl9pzMRIYkd4f9zGqcYxfAQ==",
        "dependencies": {
          "Microsoft.Extensions.Configuration.Abstractions": "10.0.6",
          "Microsoft.Extensions.Primitives": "10.0.6"
        }
      },
      "Microsoft.Extensions.Configuration.Binder": {
        "type": "CentralTransitive",
        "requested": "[10.0.6, )",
        "resolved": "10.0.6",
        "contentHash": "h22Fm4VxRmr4ty9rxJaW0i51xD56Bl5QhQ2hsGY2vl+6FioWmBhkpg3B78XQaK25N+hE41gZLZuYKGQS+OGbdw==",
        "dependencies": {
          "Microsoft.Extensions.Configuration": "10.0.6",
          "Microsoft.Extensions.Configuration.Abstractions": "10.0.6"
        }
      },
      "Microsoft.Extensions.DependencyInjection.Abstractions": {
        "type": "CentralTransitive",
        "requested": "[10.0.6, )",
        "resolved": "10.0.6",
        "contentHash": "w+dX4SIr1X9yegX2yX2dU1XtP4JAUVNdvOG/Evn+H+ndn96YzfIPX52FALXChrRNWFR9l77FQyg1mB7WQo6iOA=="
      },
      "ViciOne.Ui.Localization": {
        "type": "CentralTransitive",
        "requested": "[3.0.1, )",
        "resolved": "3.0.1",
        "contentHash": "8B3ssYUJ38bxV2bGUQUPSekmK2YQ9pwXptmdXsBHOsqIku0G22kXef57Wu0zo13g9Lsf6C7KTSdi5ouCW36z+g=="
      },
      "ViciOne.Ui.MonochromeIcons.Components": {
        "type": "CentralTransitive",
        "requested": "[4.5.0, )",
        "resolved": "4.5.0",
        "contentHash": "p8TlJg+V4mPcfYC6YCTPolstxi9MMI5WkXPzMqpoYpotOuI5E/UXck+gYAl2Y3X9EXkufX1uiTxTNEu55buHZQ==",
        "dependencies": {
          "Microsoft.AspNetCore.Components.Web": "10.0.4",
          "ViciOne.Ui.MonochromeIcons.Core": "4.5.0"
        }
      },
      "ViciOne.Ui.MonochromeIcons.Core": {
        "type": "CentralTransitive",
        "requested": "[4.5.0, )",
        "resolved": "4.5.0",
        "contentHash": "AURCzsnfh9/07sVma81MxulCDababdNyIaC6ITnc8pvkahf54EnM5oYFBXY9igzlk+3yvP5D3zArob+JHsMYTw=="
      }
    },
    "net10.0/browser-wasm": {}
  }
}