{
  "version": 2,
  "dependencies": {
    "net10.0": {
      "Microsoft.AspNetCore.App.Internal.Assets": {
        "type": "Direct",
        "requested": "[10.0.4, )",
        "resolved": "10.0.4",
        "contentHash": "M942X5Vy726SlvFBuoAC4cDczEMlPAFt1mmyFlrkw/QcpdVwVU0DkF4P9JabxX6eWNm9RvaYZHe25FN7oXoxpQ=="
      },
      "Microsoft.AspNetCore.Components.WebAssembly.Server": {
        "type": "Direct",
        "requested": "[10.0.2, )",
        "resolved": "10.0.2",
        "contentHash": "0XL+5oFRL6OkV2d8SUE3HY79pBlwxQkDCJ0ieQ3VfPhN/3xbfdUGph3yJjdSYPjFguGMbzx4fmJNgxO3C0a9Cw==",
        "dependencies": {
          "Microsoft.AspNetCore.Components.WebAssembly": "10.0.2"
        }
      },
      "Roslynator.Analyzers": {
        "type": "Direct",
        "requested": "[4.14.1, )",
        "resolved": "4.14.1",
        "contentHash": "yMSjze/xMYDF6PCE60/ULWx0tttNyKAndw2KijNxbKil0FX8nvDeEneDZGma8Uifk17RlfZqIXxf1mmBmhRHjg=="
      },
      "Roslynator.Formatting.Analyzers": {
        "type": "Direct",
        "requested": "[4.14.1, )",
        "resolved": "4.14.1",
        "contentHash": "hALZsyELJXhj7WQw7Q7nLI7sELre8AlQIMyGxXpmpK+iBqShPcWHuJMGjIsTMa/bC8Q5xyQ4iFfRtm0bP1zisQ=="
      },
      "ViciOne.CodeAnalysis": {
        "type": "Direct",
        "requested": "[1.5.0, )",
        "resolved": "1.5.0",
        "contentHash": "wKct0pLyQfLpZkRIbF2SEGPD6RKsuWfPl6D2caMMeJj6asE2zuF/wly+Fdcnu3CDvfKSDzv0NgDvqR7W9ft6XA=="
      },
      "Microsoft.JSInterop.WebAssembly": {
        "type": "Transitive",
        "resolved": "10.0.2",
        "contentHash": "XeNFL2ozbjbPe32be7OVC3peMbS+vM1hu6Cp0RZfF1HepDRTmohQ+p3LF7BVhEKETxCh1/dd5sUwYuB7I/iApw=="
      },
      "shared": {
        "type": "Project",
        "dependencies": {
          "Bogus": "[35.6.4, )",
          "ViciOne.Ui.Blazor.Components": "[5.5.0, )",
          "ViciOne.Ui.Localization": "[3.0.1, )",
          "ViciOne.Ui.MonochromeIcons.Components": "[4.3.0, )",
          "ViciOne.Ui.MonochromeIcons.Core": "[4.3.0, )"
        }
      },
      "vicione.ui.blazor.components": {
        "type": "Project",
        "dependencies": {
          "Microsoft.AspNetCore.Components.QuickGrid": "[10.0.2, )",
          "ViciOne.Ui.Localization": "[3.0.1, )",
          "ViciOne.Ui.MonochromeIcons.Components": "[4.3.0, )"
        }
      },
      "Bogus": {
        "type": "CentralTransitive",
        "requested": "[35.6.4, )",
        "resolved": "35.6.4",
        "contentHash": "9ruy4agpXZ2L3B29IypUZJh61/lq+7Tbs03KyS0Uxrkx7c20JuWB1vMtZ0xBqwnekZGphjBhX7MkhM1nb5BA5g=="
      },
      "Microsoft.AspNetCore.Components.QuickGrid": {
        "type": "CentralTransitive",
        "requested": "[10.0.2, )",
        "resolved": "10.0.2",
        "contentHash": "1p/KmQb72b08Cb9c0nIsS6d81dTVIanNqfBx20Ln/u6v83IrCt0ojjEdprKTQYorkk7KbsTWlQunKgpBdbRgTA=="
      },
      "Microsoft.AspNetCore.Components.WebAssembly": {
        "type": "CentralTransitive",
        "requested": "[10.0.2, )",
        "resolved": "10.0.2",
        "contentHash": "xJ0Qi75jnR75IhZhEwIdH04WH03wbJEAbilFND4SKYH0xgG/4oNAarb4Duvb0/5ko6/qcn4rCmzRuNJ1hF4dRw==",
        "dependencies": {
          "Microsoft.JSInterop.WebAssembly": "10.0.2"
        }
      },
      "ViciOne.Ui.Localization": {
        "type": "CentralTransitive",
        "requested": "[3.0.1, )",
        "resolved": "3.0.1",
        "contentHash": "8B3ssYUJ38bxV2bGUQUPSekmK2YQ9pwXptmdXsBHOsqIku0G22kXef57Wu0zo13g9Lsf6C7KTSdi5ouCW36z+g=="
      },
      "ViciOne.Ui.MonochromeIcons.Components": {
        "type": "CentralTransitive",
        "requested": "[4.3.0, )",
        "resolved": "4.3.0",
        "contentHash": "MHPs9b8DHVBXnScKGY9Bdmi8vvlmmz2+DGVHJQh3J/nJ//JVWX/NL/Ck0s9+jGiqwTz8Ghw6FSCy5EUQftKMdQ==",
        "dependencies": {
          "ViciOne.Ui.MonochromeIcons.Core": "4.3.0"
        }
      },
      "ViciOne.Ui.MonochromeIcons.Core": {
        "type": "CentralTransitive",
        "requested": "[4.3.0, )",
        "resolved": "4.3.0",
        "contentHash": "b41mqM1SpMoCZBBbzmYhIvIuH0NdzUVZ1KMkBiHW4beJJlQNSEW7SnWLzbKv6m14lllz2/dHGXmyIjreSEjV8w=="
      }
    }
  }
}