{
  "version": 2,
  "dependencies": {
    "net10.0": {
      "Microsoft.AspNetCore.App.Internal.Assets": {
        "type": "Direct",
        "requested": "[10.0.9, )",
        "resolved": "10.0.9",
        "contentHash": "E9Wp/LPKAYkGOVBv4lt5U5TnUA/7pov7QZAwF3eI64kK8AAXqkPDwuadEOwpL1WXEfgecYm0fccluvABp32D8g=="
      },
      "Microsoft.AspNetCore.Components.WebAssembly.Server": {
        "type": "Direct",
        "requested": "[10.0.9, )",
        "resolved": "10.0.9",
        "contentHash": "ZTtYvBILwGxhIiXi1L03ETBBOgMmizStu7dO/YblK6rPTa27wpEgYKp5Z9bUfr+wsFvHIDWd/ZMGb9on41f6yw==",
        "dependencies": {
          "Microsoft.AspNetCore.Components.WebAssembly": "10.0.9"
        }
      },
      "Roslynator.Analyzers": {
        "type": "Direct",
        "requested": "[4.15.0, )",
        "resolved": "4.15.0",
        "contentHash": "E8fu71Y+vzhniJKy1K13Rzwm8Vjcj7CDFBpflqncKUZfc3SzuF0kMBiyMmgXNPkjWTdE3Z+30HlGgYjHONZY/Q=="
      },
      "Roslynator.Formatting.Analyzers": {
        "type": "Direct",
        "requested": "[4.15.0, )",
        "resolved": "4.15.0",
        "contentHash": "/LvSJGJbrx+OYC2GePmiAA9fRTfz37R/oaHC2j8YK/j9lE8ykZESCGTMVGqXF5woc6RbzfJlpYkzeG6fAV6hFQ=="
      },
      "ViciOne.CodeAnalysis": {
        "type": "Direct",
        "requested": "[1.5.0, )",
        "resolved": "1.5.0",
        "contentHash": "wKct0pLyQfLpZkRIbF2SEGPD6RKsuWfPl6D2caMMeJj6asE2zuF/wly+Fdcnu3CDvfKSDzv0NgDvqR7W9ft6XA=="
      },
      "Microsoft.JSInterop.WebAssembly": {
        "type": "Transitive",
        "resolved": "10.0.9",
        "contentHash": "4G0A7GuQrtCAes8PuJPTDUcy+lCrxHWjr8ZlkDOa4h8a2Txj1XdhbXKLnld2vMY5EyZNC5jZXxa1xTD/AOCUlw=="
      },
      "shared": {
        "type": "Project",
        "dependencies": {
          "Bogus": "[35.6.4, )",
          "ViciOne.Ui.Blazor.Components": "[5.19.0, )",
          "ViciOne.Ui.Localization": "[3.0.1, )"
        }
      },
      "vicione.ui.blazor.components": {
        "type": "Project",
        "dependencies": {
          "Microsoft.AspNetCore.Components.QuickGrid": "[10.0.9, )",
          "ViciOne.Ui.Localization": "[3.0.1, )",
          "ViciOne.Ui.MonochromeIcons.Components": "[4.14.0, )"
        }
      },
      "Bogus": {
        "type": "CentralTransitive",
        "requested": "[35.6.4, )",
        "resolved": "35.6.4",
        "contentHash": "9ruy4agpXZ2L3B29IypUZJh61/lq+7Tbs03KyS0Uxrkx7c20JuWB1vMtZ0xBqwnekZGphjBhX7MkhM1nb5BA5g=="
      },
      "Microsoft.AspNetCore.Components.QuickGrid": {
        "type": "CentralTransitive",
        "requested": "[10.0.9, )",
        "resolved": "10.0.9",
        "contentHash": "HAdLHvQ3h9z6vxVty3MKG9X/6aV+MXgaYxWzPrMQpa8lk128SogJMQ4nk1FjUYLt85MD6l9a1HVHVdJsMCP+uQ=="
      },
      "Microsoft.AspNetCore.Components.WebAssembly": {
        "type": "CentralTransitive",
        "requested": "[10.0.9, )",
        "resolved": "10.0.9",
        "contentHash": "tBv68AsZ3r6z2QdV2m3cSSKUCbvEscN8REpHxcUs22vlR6UjTz6IKdInKNREkJ/3G1AQrBKrRTdrfrHVffE8Iw==",
        "dependencies": {
          "Microsoft.JSInterop.WebAssembly": "10.0.9"
        }
      },
      "ViciOne.Ui.Localization": {
        "type": "CentralTransitive",
        "requested": "[3.0.1, )",
        "resolved": "3.0.1",
        "contentHash": "8B3ssYUJ38bxV2bGUQUPSekmK2YQ9pwXptmdXsBHOsqIku0G22kXef57Wu0zo13g9Lsf6C7KTSdi5ouCW36z+g=="
      },
      "ViciOne.Ui.MonochromeIcons.Assets": {
        "type": "CentralTransitive",
        "requested": "[4.14.0, )",
        "resolved": "4.14.0",
        "contentHash": "8cVkBIXTtM/Lr72OgmtNTx0j2nNuKK2ykcrb3PlEekc7ARKAIflPhvn/rsr67uOumKd8Q2WX1RyxM0W74zGqqg==",
        "dependencies": {
          "ViciOne.Ui.MonochromeIcons.Core": "4.14.0"
        }
      },
      "ViciOne.Ui.MonochromeIcons.Components": {
        "type": "CentralTransitive",
        "requested": "[4.14.0, )",
        "resolved": "4.14.0",
        "contentHash": "J9sEpqH7vi+q6eurW2N2kpeIqg4s9IZihIr06yCNRVbXrBhvYDg3pQT31MCFpUZiLeFQ/prribigEvycInxjUg==",
        "dependencies": {
          "ViciOne.Ui.MonochromeIcons.Assets": "4.14.0",
          "ViciOne.Ui.MonochromeIcons.Core": "4.14.0"
        }
      },
      "ViciOne.Ui.MonochromeIcons.Core": {
        "type": "CentralTransitive",
        "requested": "[4.14.0, )",
        "resolved": "4.14.0",
        "contentHash": "riISEHUux7PiDhiMt20iczp3COUxbniAqz1MiqBdAZtcQEfV+4SzWeC9xHd7UaQEk1aQM5wMZ9nafV2XHFI2og=="
      }
    }
  }
}