{
  "version": 2,
  "dependencies": {
    "net10.0": {
      "Microsoft.AspNetCore.App.Internal.Assets": {
        "type": "Direct",
        "requested": "[10.0.7, )",
        "resolved": "10.0.7",
        "contentHash": "ao3i+ks0uOQ7FWacI1hqHkUczebmXrGkUB63Xhkc34QbSzG9nYBlDv9v5l6rtCrHMsDW+13kZlpJrSj1HXddqg=="
      },
      "Microsoft.AspNetCore.Components.WebAssembly.Server": {
        "type": "Direct",
        "requested": "[10.0.7, )",
        "resolved": "10.0.7",
        "contentHash": "OfuZkTusYUgT3m9C94OSv3m1mNiIryUL8nw6VMexWQdVMLD71w+HJeIK+l6u5HuMRrc3GegUuFPazrtBwrQj5Q==",
        "dependencies": {
          "Microsoft.AspNetCore.Components.WebAssembly": "10.0.7"
        }
      },
      "Roslynator.Analyzers": {
        "type": "Direct",
        "requested": "[4.14.1, )",
        "resolved": "4.14.1",
        "contentHash": "yMSjze/xMYDF6PCE60/ULWx0tttNyKAndw2KijNxbKil0FX8nvDeEneDZGma8Uifk17RlfZqIXxf1mmBmhRHjg=="
      },
      "Roslynator.Formatting.Analyzers": {
        "type": "Direct",
        "requested": "[4.14.1, )",
        "resolved": "4.14.1",
        "contentHash": "hALZsyELJXhj7WQw7Q7nLI7sELre8AlQIMyGxXpmpK+iBqShPcWHuJMGjIsTMa/bC8Q5xyQ4iFfRtm0bP1zisQ=="
      },
      "ViciOne.CodeAnalysis": {
        "type": "Direct",
        "requested": "[1.5.0, )",
        "resolved": "1.5.0",
        "contentHash": "wKct0pLyQfLpZkRIbF2SEGPD6RKsuWfPl6D2caMMeJj6asE2zuF/wly+Fdcnu3CDvfKSDzv0NgDvqR7W9ft6XA=="
      },
      "Microsoft.JSInterop.WebAssembly": {
        "type": "Transitive",
        "resolved": "10.0.7",
        "contentHash": "qHLPMsIQhqQ5jTBU3MzQg37rp6EzKT2iaMfGOSzBEiGxg4i+/1aGj3T19u/sboEGMPBx2nwIMLbSK1zLZucMcQ=="
      },
      "shared": {
        "type": "Project",
        "dependencies": {
          "Bogus": "[35.6.4, )",
          "ViciOne.Ui.Blazor.Components": "[5.10.0, )",
          "ViciOne.Ui.Localization": "[3.0.1, )",
          "ViciOne.Ui.MonochromeIcons.Components": "[4.9.0, )",
          "ViciOne.Ui.MonochromeIcons.Core": "[4.9.0, )"
        }
      },
      "vicione.ui.blazor.components": {
        "type": "Project",
        "dependencies": {
          "Microsoft.AspNetCore.Components.QuickGrid": "[10.0.7, )",
          "ViciOne.Ui.Localization": "[3.0.1, )",
          "ViciOne.Ui.MonochromeIcons.Components": "[4.9.0, )"
        }
      },
      "Bogus": {
        "type": "CentralTransitive",
        "requested": "[35.6.4, )",
        "resolved": "35.6.4",
        "contentHash": "9ruy4agpXZ2L3B29IypUZJh61/lq+7Tbs03KyS0Uxrkx7c20JuWB1vMtZ0xBqwnekZGphjBhX7MkhM1nb5BA5g=="
      },
      "Microsoft.AspNetCore.Components.QuickGrid": {
        "type": "CentralTransitive",
        "requested": "[10.0.7, )",
        "resolved": "10.0.7",
        "contentHash": "Ij60ebCcvCihyDUHkPdEdSZFC8yhtD1gMFFmTLE56W+Nzj4DggZ2seqNVGdepg8J6qUU6rXshtbUrRwfQtILKw=="
      },
      "Microsoft.AspNetCore.Components.WebAssembly": {
        "type": "CentralTransitive",
        "requested": "[10.0.7, )",
        "resolved": "10.0.7",
        "contentHash": "3MdUFSPOBlmkCx+YjWQS0s1B+v5QeyHxmix9yQ+HIiF/a01xpgIDXECOK5tCwOwjol01QP0fzKBnBP5LBBRETQ==",
        "dependencies": {
          "Microsoft.JSInterop.WebAssembly": "10.0.7"
        }
      },
      "ViciOne.Ui.Localization": {
        "type": "CentralTransitive",
        "requested": "[3.0.1, )",
        "resolved": "3.0.1",
        "contentHash": "8B3ssYUJ38bxV2bGUQUPSekmK2YQ9pwXptmdXsBHOsqIku0G22kXef57Wu0zo13g9Lsf6C7KTSdi5ouCW36z+g=="
      },
      "ViciOne.Ui.MonochromeIcons.Components": {
        "type": "CentralTransitive",
        "requested": "[4.9.0, )",
        "resolved": "4.9.0",
        "contentHash": "VrfN89cP3BXFUbFWuiBK5bFmyJMu5AYpto4AGogOZIGYPPROa830JjuZNrUfxBHtBAH3L7/aX1t4N5gT87pQtA==",
        "dependencies": {
          "ViciOne.Ui.MonochromeIcons.Core": "4.9.0"
        }
      },
      "ViciOne.Ui.MonochromeIcons.Core": {
        "type": "CentralTransitive",
        "requested": "[4.9.0, )",
        "resolved": "4.9.0",
        "contentHash": "PVVaC/XdzXW+4Eyz1hLfZTGtgmFPIiKEvgu1dFFmYfwawiXnz8rHTai+NT6EpGjdKGO2cFosNuyrMW5vUSzefQ=="
      }
    }
  }
}