{
  "name": "Shared",
  "lockfileVersion": 3,
  "requires": true,
  "packages": {
    "": {
      "dependencies": {
        "three-dots": "^0.3.2"
      }
    },
    "node_modules/three-dots": {
      "version": "0.3.2",
      "resolved": "https://registry.npmjs.org/three-dots/-/three-dots-0.3.2.tgz",
      "integrity": "sha512-N7JMhoCX+4mhgGWy4Hqy4PZ27shKwLRvaADn3YsK9+bImK5U/xA/woCUavehoHGrkNG3yyAzwQ6UnuFH0/yLVQ==",
      "license": "MIT",
      "engines": {
        "node": ">=14"
      }
    }
  }
}
