{
  "version": 2,
  "dependencies": {
    "net10.0": {
      "AspNetCore.SassCompiler": {
        "type": "Direct",
        "requested": "[1.80.6, )",
        "resolved": "1.80.6",
        "contentHash": "pqhQSjIPvFgR0dJM6lCwYqbr2pYZnX0FMNiOP8lFPCRufK0oOTzaF44eo22QcUs1frVtL/I0IKUtY4SDbeQtFw==",
        "dependencies": {
          "Microsoft.Extensions.Configuration.Binder": "3.1.0",
          "Microsoft.Extensions.DependencyInjection.Abstractions": "3.1.0",
          "Microsoft.Extensions.Hosting.Abstractions": "3.1.0",
          "Microsoft.Extensions.Options": "3.1.0"
        }
      },
      "Bogus": {
        "type": "Direct",
        "requested": "[35.6.4, )",
        "resolved": "35.6.4",
        "contentHash": "9ruy4agpXZ2L3B29IypUZJh61/lq+7Tbs03KyS0Uxrkx7c20JuWB1vMtZ0xBqwnekZGphjBhX7MkhM1nb5BA5g=="
      },
      "Microsoft.AspNetCore.Components.Web": {
        "type": "Direct",
        "requested": "[10.0.6, )",
        "resolved": "10.0.6",
        "contentHash": "CRGeJHi1G0FBnzCnkLAmTgljVUQZvkMiO2euQVUpzZyM6qmvetlWN/LcW9HnP1+tI2n/1QJa+i0M7R2W5CLuAQ==",
        "dependencies": {
          "Microsoft.AspNetCore.Components": "10.0.6",
          "Microsoft.AspNetCore.Components.Forms": "10.0.6",
          "Microsoft.Extensions.DependencyInjection": "10.0.6",
          "Microsoft.Extensions.Primitives": "10.0.6",
          "Microsoft.JSInterop": "10.0.6"
        }
      },
      "Roslynator.Analyzers": {
        "type": "Direct",
        "requested": "[4.14.1, )",
        "resolved": "4.14.1",
        "contentHash": "yMSjze/xMYDF6PCE60/ULWx0tttNyKAndw2KijNxbKil0FX8nvDeEneDZGma8Uifk17RlfZqIXxf1mmBmhRHjg=="
      },
      "Roslynator.Formatting.Analyzers": {
        "type": "Direct",
        "requested": "[4.14.1, )",
        "resolved": "4.14.1",
        "contentHash": "hALZsyELJXhj7WQw7Q7nLI7sELre8AlQIMyGxXpmpK+iBqShPcWHuJMGjIsTMa/bC8Q5xyQ4iFfRtm0bP1zisQ=="
      },
      "StronglyTypedId": {
        "type": "Direct",
        "requested": "[0.2.1, )",
        "resolved": "0.2.1",
        "contentHash": "u4iIugBvaBiV1NXAS+jBkxDp+VyNFzgOzeRBgQx9QAtKmwFmOh6bOFt9Ac25XCcfhTvp8OT4eLCmCPAUPObIxg==",
        "dependencies": {
          "CodeGeneration.Roslyn.Tool": "0.7.63",
          "StronglyTypedId.Attributes": "0.2.1",
          "StronglyTypedId.Generator": "0.2.1"
        }
      },
      "ViciOne.CodeAnalysis": {
        "type": "Direct",
        "requested": "[1.5.0, )",
        "resolved": "1.5.0",
        "contentHash": "wKct0pLyQfLpZkRIbF2SEGPD6RKsuWfPl6D2caMMeJj6asE2zuF/wly+Fdcnu3CDvfKSDzv0NgDvqR7W9ft6XA=="
      },
      "ViciOne.Ui.Design": {
        "type": "Direct",
        "requested": "[2.0.2, )",
        "resolved": "2.0.2",
        "contentHash": "g1APAjgBs/vbxpg02Td0piBgCwZBNO+UbfH/yCKYZFHPzO21dynUQpS0XO2B++RrWmAf5vvuBoEQC6WEm5yX4g=="
      },
      "ViciOne.Ui.Localization": {
        "type": "Direct",
        "requested": "[3.0.1, )",
        "resolved": "3.0.1",
        "contentHash": "8B3ssYUJ38bxV2bGUQUPSekmK2YQ9pwXptmdXsBHOsqIku0G22kXef57Wu0zo13g9Lsf6C7KTSdi5ouCW36z+g=="
      },
      "ViciOne.Ui.MonochromeIcons.Assets": {
        "type": "Direct",
        "requested": "[4.5.0, )",
        "resolved": "4.5.0",
        "contentHash": "ekWgDlf/zXrkjfNKC2agFZbYO0W3N4yE6q624E3vPfik13G2AMjYSAHZUTLIbsHOk5Y1Jfma1GbOyK4vAfcl3w==",
        "dependencies": {
          "ViciOne.Ui.MonochromeIcons.Core": "4.5.0"
        }
      },
      "ViciOne.Ui.MonochromeIcons.Components": {
        "type": "Direct",
        "requested": "[4.5.0, )",
        "resolved": "4.5.0",
        "contentHash": "p8TlJg+V4mPcfYC6YCTPolstxi9MMI5WkXPzMqpoYpotOuI5E/UXck+gYAl2Y3X9EXkufX1uiTxTNEu55buHZQ==",
        "dependencies": {
          "Microsoft.AspNetCore.Components.Web": "10.0.4",
          "ViciOne.Ui.MonochromeIcons.Core": "4.5.0"
        }
      },
      "ViciOne.Ui.MonochromeIcons.Core": {
        "type": "Direct",
        "requested": "[4.5.0, )",
        "resolved": "4.5.0",
        "contentHash": "AURCzsnfh9/07sVma81MxulCDababdNyIaC6ITnc8pvkahf54EnM5oYFBXY9igzlk+3yvP5D3zArob+JHsMYTw=="
      },
      "CodeGeneration.Roslyn.Attributes": {
        "type": "Transitive",
        "resolved": "0.7.63",
        "contentHash": "0bJIHIUNVtJT7tih2oKJJ4GYL1+Btmk19vKZIyUHVEqyzT4eP7I6WtDJYqYhX4PhfNMXm2vXWta+y72rkioItg==",
        "dependencies": {
          "NETStandard.Library": "1.6.1"
        }
      },
      "CodeGeneration.Roslyn.Tool": {
        "type": "Transitive",
        "resolved": "0.7.63",
        "contentHash": "vVDnx1LYkfU/idZqe76uUgEQD+yic3Kvft6gthwQaqKl66RnMvTTtuW0NxQ84RPrgpLvF+5rku43eVNZWuQ3aQ=="
      },
      "Microsoft.AspNetCore.Authorization": {
        "type": "Transitive",
        "resolved": "10.0.6",
        "contentHash": "SOQAX9+nxIi/nDFmEsWGpslZHg6hIDIQqCc8SrPuMOgLR46LUoyT8paAq1cC4LkydxF03SN7Mp2/UxR8u8kUAg==",
        "dependencies": {
          "Microsoft.AspNetCore.Metadata": "10.0.6",
          "Microsoft.Extensions.Diagnostics": "10.0.6",
          "Microsoft.Extensions.Logging.Abstractions": "10.0.6",
          "Microsoft.Extensions.Options": "10.0.6"
        }
      },
      "Microsoft.AspNetCore.Components": {
        "type": "Transitive",
        "resolved": "10.0.6",
        "contentHash": "aZL6XDgJPHD1FQKEnmNZC7ggwBlS+DCQbgeTEt+8oCv3RDgRTt0jmcTY4ga1QPeDS+41ezBzzZVO/xn2HTMhXA==",
        "dependencies": {
          "Microsoft.AspNetCore.Authorization": "10.0.6",
          "Microsoft.AspNetCore.Components.Analyzers": "10.0.6"
        }
      },
      "Microsoft.AspNetCore.Components.Analyzers": {
        "type": "Transitive",
        "resolved": "10.0.6",
        "contentHash": "xsF4gW3bHj9zzgfpeGOiW1IePPOX7X4JfU1WAZTpOFd2mPEV0/3jwaB8eBvRkjxTHRHRRt2pGwfTDxL2nUpe2A=="
      },
      "Microsoft.AspNetCore.Components.Forms": {
        "type": "Transitive",
        "resolved": "10.0.6",
        "contentHash": "BJDY2MUArzhn7er0muB4Xopx7Zggp02Sz76f7lRa6vzyjq3ngr9NSLUH/h7vGf+N9r1AjqldXo4A+O0hTLCBmg==",
        "dependencies": {
          "Microsoft.AspNetCore.Components": "10.0.6",
          "Microsoft.Extensions.Validation": "10.0.6"
        }
      },
      "Microsoft.AspNetCore.Metadata": {
        "type": "Transitive",
        "resolved": "10.0.6",
        "contentHash": "Nk3SkfLYH/8E9woqOIO2TwGgVO7ksxxVb03iv4VvhaT4pGwOCnuNbYuK+8uRcHTvABayLdI49iSame+yd2M13Q=="
      },
      "Microsoft.Extensions.Configuration.Abstractions": {
        "type": "Transitive",
        "resolved": "10.0.6",
        "contentHash": "a7bA7IT3ngIgcOMb/2MVH5CcfSxUCeQ6QXWS1Vt6oFpzLTH3U1+J2Xtc64Uw3whX9akYG8eR/UQeEzxo64zZLg==",
        "dependencies": {
          "Microsoft.Extensions.Primitives": "10.0.6"
        }
      },
      "Microsoft.Extensions.DependencyInjection": {
        "type": "Transitive",
        "resolved": "10.0.6",
        "contentHash": "poUvwtf92bEs8uBH3aRRs/ZgiAw+Z485EU7TtVPBt//MmD0uMPERe7+v3Ur7lpD8XgIEDL9sDoTBcW1LMG97CQ==",
        "dependencies": {
          "Microsoft.Extensions.DependencyInjection.Abstractions": "10.0.6"
        }
      },
      "Microsoft.Extensions.Diagnostics": {
        "type": "Transitive",
        "resolved": "10.0.6",
        "contentHash": "vbigpAOKX+Bbm2uJQ/AqXqONEPPB3ZYkynRT24vo5ZWF1rzKPtVjpkQkJx5qTGp2dqNV5In9QqboayqmKdvGUA==",
        "dependencies": {
          "Microsoft.Extensions.Configuration": "10.0.6",
          "Microsoft.Extensions.Diagnostics.Abstractions": "10.0.6",
          "Microsoft.Extensions.Options.ConfigurationExtensions": "10.0.6"
        }
      },
      "Microsoft.Extensions.Diagnostics.Abstractions": {
        "type": "Transitive",
        "resolved": "10.0.6",
        "contentHash": "L98Xe5C+xyKytLNLiEyQ0rcY8GNXAeAn1xKsE0YDxPx/mXBYYtRoj8pC2cnbSFQUlOzBkyO90ivMSV22SRETFg==",
        "dependencies": {
          "Microsoft.Extensions.DependencyInjection.Abstractions": "10.0.6",
          "Microsoft.Extensions.Options": "10.0.6"
        }
      },
      "Microsoft.Extensions.FileProviders.Abstractions": {
        "type": "Transitive",
        "resolved": "3.1.0",
        "contentHash": "G3iBMOnn3tETEUvkE9J3a23wQpRkiXZp73zR0XNlicjLFhkeWW1FCaC2bTjrgHhPi2KO6x0BXnHvVuJPIlygBQ==",
        "dependencies": {
          "Microsoft.Extensions.Primitives": "3.1.0"
        }
      },
      "Microsoft.Extensions.Hosting.Abstractions": {
        "type": "Transitive",
        "resolved": "3.1.0",
        "contentHash": "LiOP1ceFaPBxaE28SOjtORzOVCJk33TT5VQ/Cg5EoatZh1dxpPAgAV/0ruzWKQE7WAHU3F1H9Z6rFgsQwIb9uQ==",
        "dependencies": {
          "Microsoft.Extensions.Configuration.Abstractions": "3.1.0",
          "Microsoft.Extensions.DependencyInjection.Abstractions": "3.1.0",
          "Microsoft.Extensions.FileProviders.Abstractions": "3.1.0",
          "Microsoft.Extensions.Logging.Abstractions": "3.1.0"
        }
      },
      "Microsoft.Extensions.Logging.Abstractions": {
        "type": "Transitive",
        "resolved": "10.0.6",
        "contentHash": "1YgBO3wAy0dlpQyVTKWBSPND/t0yZHsvd3shGpbeEwH8JSb2hnFI2pNFrOOUi/stsp+T/dqwqmRIGh47ibo9bw==",
        "dependencies": {
          "Microsoft.Extensions.DependencyInjection.Abstractions": "10.0.6"
        }
      },
      "Microsoft.Extensions.Options": {
        "type": "Transitive",
        "resolved": "10.0.6",
        "contentHash": "v5RTWm+3Gdub21ADJeRG5bunOOxutFNBZk6qGH6Az4L5nyRZoLe3Kse7jfAyUcdEoiKp72XpNw/wGR+9wP+MtQ==",
        "dependencies": {
          "Microsoft.Extensions.DependencyInjection.Abstractions": "10.0.6",
          "Microsoft.Extensions.Primitives": "10.0.6"
        }
      },
      "Microsoft.Extensions.Options.ConfigurationExtensions": {
        "type": "Transitive",
        "resolved": "10.0.6",
        "contentHash": "O7xt1vYMxku2+/WpFkh6X8RzUtYbKR+XCt0KOO0W9TbRbFeQdfb9Nry/CdVq57kOyOKS3Z4qD1xqV/8LpJQ0Xw==",
        "dependencies": {
          "Microsoft.Extensions.Configuration.Abstractions": "10.0.6",
          "Microsoft.Extensions.Configuration.Binder": "10.0.6",
          "Microsoft.Extensions.DependencyInjection.Abstractions": "10.0.6",
          "Microsoft.Extensions.Options": "10.0.6",
          "Microsoft.Extensions.Primitives": "10.0.6"
        }
      },
      "Microsoft.Extensions.Primitives": {
        "type": "Transitive",
        "resolved": "10.0.6",
        "contentHash": "L8P21mqaG+CXvPheLndean/cHCOcItJqH8nx+0YQnK7wAiOR0G1IOC418ZSzTMD2D6Gmo0f2M5WR70XtpX2B8g=="
      },
      "Microsoft.Extensions.Validation": {
        "type": "Transitive",
        "resolved": "10.0.6",
        "contentHash": "eko7jLSdDAIAwW0kWDtZgGDjX8dN11rxlhetSTQz0jzNmK///16EJSB+SA9r7Drx+6J3KZOaC8IzyxmrXa36jw==",
        "dependencies": {
          "Microsoft.Extensions.DependencyInjection.Abstractions": "10.0.6",
          "Microsoft.Extensions.Options": "10.0.6"
        }
      },
      "Microsoft.JSInterop": {
        "type": "Transitive",
        "resolved": "10.0.6",
        "contentHash": "WbS70mPhaTFUnYFacLUN/7Ul/V4XQBcVXv+9ODUXVAf+mebXyx3lBaC7CGVogvUzcZuzv2Z7PSRY/FAAZEgCVA=="
      },
      "Microsoft.NETCore.Platforms": {
        "type": "Transitive",
        "resolved": "1.1.0",
        "contentHash": "kz0PEW2lhqygehI/d6XsPCQzD7ff7gUJaVGPVETX611eadGsA3A877GdSlU0LRVMCTH/+P3o2iDTak+S08V2+A=="
      },
      "NETStandard.Library": {
        "type": "Transitive",
        "resolved": "1.6.1",
        "contentHash": "WcSp3+vP+yHNgS8EV5J7pZ9IRpeDuARBPN28by8zqff1wJQXm26PVU8L3/fYLBJVU7BtDyqNVWq2KlCVvSSR4A==",
        "dependencies": {
          "Microsoft.NETCore.Platforms": "1.1.0"
        }
      },
      "StronglyTypedId.Attributes": {
        "type": "Transitive",
        "resolved": "0.2.1",
        "contentHash": "8fv1kZxwmFTf2oPaIG9XF1o3obOwa2ZaCFfYAE3u+stqWHtJ3ECsJdpzQh0ST661TnfG8/iDm+xS8ZO4C2rEeQ==",
        "dependencies": {
          "CodeGeneration.Roslyn.Attributes": "0.7.63"
        }
      },
      "StronglyTypedId.Generator": {
        "type": "Transitive",
        "resolved": "0.2.1",
        "contentHash": "3qJP96Paz7LqYyhwFGLHBlHfxZe9AHLvvHYGpxzWfKudgo7dJPgpOwQHclTW/lzefOTw81exXCAkA/tSFU5uAg=="
      },
      "vicione.ui.blazor.components": {
        "type": "Project",
        "dependencies": {
          "Microsoft.AspNetCore.Components.QuickGrid": "[10.0.6, )",
          "Microsoft.AspNetCore.Components.Web": "[10.0.6, )",
          "ViciOne.Ui.Localization": "[3.0.1, )",
          "ViciOne.Ui.MonochromeIcons.Components": "[4.5.0, )"
        }
      },
      "Microsoft.AspNetCore.Components.QuickGrid": {
        "type": "CentralTransitive",
        "requested": "[10.0.6, )",
        "resolved": "10.0.6",
        "contentHash": "F4BxqgydITAo/fbQpljL1SA5lav47iOPXfwl2/jfHyEaRCUnPz7/FNWuiKBavCrlIzM8AAro1Exe5Y1hb/B5hw==",
        "dependencies": {
          "Microsoft.AspNetCore.Components.Web": "10.0.6"
        }
      },
      "Microsoft.Extensions.Configuration": {
        "type": "CentralTransitive",
        "requested": "[10.0.6, )",
        "resolved": "10.0.6",
        "contentHash": "lYQ9S1FGXIWIU7243RimdAXQYsFDeLhSSZvbSDwbeI/kCzZ4MIYXpp3kMQ+bDJXwl9pzMRIYkd4f9zGqcYxfAQ==",
        "dependencies": {
          "Microsoft.Extensions.Configuration.Abstractions": "10.0.6",
          "Microsoft.Extensions.Primitives": "10.0.6"
        }
      },
      "Microsoft.Extensions.Configuration.Binder": {
        "type": "CentralTransitive",
        "requested": "[10.0.6, )",
        "resolved": "10.0.6",
        "contentHash": "h22Fm4VxRmr4ty9rxJaW0i51xD56Bl5QhQ2hsGY2vl+6FioWmBhkpg3B78XQaK25N+hE41gZLZuYKGQS+OGbdw==",
        "dependencies": {
          "Microsoft.Extensions.Configuration": "10.0.6",
          "Microsoft.Extensions.Configuration.Abstractions": "10.0.6"
        }
      },
      "Microsoft.Extensions.DependencyInjection.Abstractions": {
        "type": "CentralTransitive",
        "requested": "[10.0.6, )",
        "resolved": "10.0.6",
        "contentHash": "w+dX4SIr1X9yegX2yX2dU1XtP4JAUVNdvOG/Evn+H+ndn96YzfIPX52FALXChrRNWFR9l77FQyg1mB7WQo6iOA=="
      }
    }
  }
}