{
  "version": 2,
  "dependencies": {
    "net10.0": {
      "AwesomeAssertions": {
        "type": "Direct",
        "requested": "[9.3.0, )",
        "resolved": "9.3.0",
        "contentHash": "8lGLYap2ec2gNLgjf2xKZaKLpQ7j36oJvrYzBVVpNAumqnxRdevqqhEF66qxE92f8y2+zsbQ061DeHG61ZhzaQ=="
      },
      "Microsoft.Playwright.Xunit.v3": {
        "type": "Direct",
        "requested": "[1.59.0, )",
        "resolved": "1.59.0",
        "contentHash": "i/qOJuR8L5E1dRcjOVEWH1dypgP/2GLtrOInLBbePjog5hHGFwVsU7Gu1ie0iLrMp1gtpxBQlbe5xUscGGgt+A==",
        "dependencies": {
          "Microsoft.Playwright": "1.59.0",
          "Microsoft.Playwright.TestAdapter": "1.59.0",
          "xunit.v3.extensibility.core": "1.0.1"
        }
      },
      "Microsoft.Testing.Extensions.CodeCoverage": {
        "type": "Direct",
        "requested": "[18.3.1, )",
        "resolved": "18.3.1",
        "contentHash": "kjIVTE93IKEK6ZPZCD95Ahq9mWBmQBB0C1RJzO1eFQDx8bsKLsl6U3EdXjqkiMX/CSGQLC45un/lqtWIicgkwQ==",
        "dependencies": {
          "Microsoft.DiaSymReader": "2.0.0",
          "Microsoft.Extensions.DependencyModel": "6.0.2",
          "Microsoft.Testing.Platform": "2.0.2"
        }
      },
      "NSubstitute": {
        "type": "Direct",
        "requested": "[5.3.0, )",
        "resolved": "5.3.0",
        "contentHash": "lJ47Cps5Qzr86N99lcwd+OUvQma7+fBgr8+Mn+aOC0WrlqMNkdivaYD9IvnZ5Mqo6Ky3LS7ZI+tUq1/s9ERd0Q==",
        "dependencies": {
          "Castle.Core": "5.1.1"
        }
      },
      "NSubstitute.Analyzers.CSharp": {
        "type": "Direct",
        "requested": "[1.0.17, )",
        "resolved": "1.0.17",
        "contentHash": "Pwz0MD7CAM/G/fvJjM3ceOfI+S0IgjanHcK7evwyrW9qAWUG8fgiEXYfSX1/s3h2JUNDOw6ik0G8zp+RT61Y1g=="
      },
      "Roslynator.Analyzers": {
        "type": "Direct",
        "requested": "[4.14.1, )",
        "resolved": "4.14.1",
        "contentHash": "yMSjze/xMYDF6PCE60/ULWx0tttNyKAndw2KijNxbKil0FX8nvDeEneDZGma8Uifk17RlfZqIXxf1mmBmhRHjg=="
      },
      "Roslynator.Formatting.Analyzers": {
        "type": "Direct",
        "requested": "[4.14.1, )",
        "resolved": "4.14.1",
        "contentHash": "hALZsyELJXhj7WQw7Q7nLI7sELre8AlQIMyGxXpmpK+iBqShPcWHuJMGjIsTMa/bC8Q5xyQ4iFfRtm0bP1zisQ=="
      },
      "ViciOne.CodeAnalysis": {
        "type": "Direct",
        "requested": "[1.5.0, )",
        "resolved": "1.5.0",
        "contentHash": "wKct0pLyQfLpZkRIbF2SEGPD6RKsuWfPl6D2caMMeJj6asE2zuF/wly+Fdcnu3CDvfKSDzv0NgDvqR7W9ft6XA=="
      },
      "ViciOne.Ui.Testing.Playwright": {
        "type": "Direct",
        "requested": "[1.0.0, )",
        "resolved": "1.0.0",
        "contentHash": "JeIcdp8gJwhlgIidw8f/7FpfamC5EXz+0KYbxwDsu9PpMfePJG8DGH+U3ySVvYL+8WmFDNoUQ876vHFys9QnmA==",
        "dependencies": {
          "Microsoft.AspNetCore.Mvc.Testing": "10.0.6",
          "Microsoft.Playwright.Xunit.v3": "1.59.0",
          "xunit.v3.extensibility.core": "3.2.2"
        }
      },
      "xunit.v3.mtp-v2": {
        "type": "Direct",
        "requested": "[3.2.2, )",
        "resolved": "3.2.2",
        "contentHash": "S0LJpeMIMrmbVLXDCvPVX47OLk28qBYfGU+5SNCbarOEdw8oKLfiVqaACwuYRvLiOqDEB/+VJ8gTSB1ZwheoOQ==",
        "dependencies": {
          "xunit.analyzers": "1.27.0",
          "xunit.v3.assert": "[3.2.2]",
          "xunit.v3.core.mtp-v2": "[3.2.2]"
        }
      },
      "Castle.Core": {
        "type": "Transitive",
        "resolved": "5.1.1",
        "contentHash": "rpYtIczkzGpf+EkZgDr9CClTdemhsrwA/W5hMoPjLkRFnXzH44zDLoovXeKtmxb1ykXK9aJVODSpiJml8CTw2g==",
        "dependencies": {
          "System.Diagnostics.EventLog": "6.0.0"
        }
      },
      "Microsoft.ApplicationInsights": {
        "type": "Transitive",
        "resolved": "2.23.0",
        "contentHash": "nWArUZTdU7iqZLycLKWe0TDms48KKGE6pONH2terYNa8REXiqixrMOkf1sk5DHGMaUTqONU2YkS4SAXBhLStgw=="
      },
      "Microsoft.AspNetCore.Authorization": {
        "type": "Transitive",
        "resolved": "10.0.7",
        "contentHash": "1PoyntOWDXS0lzzs0NJyEq++d51B3JIEeZFBvMj6f0PHO5tNwXK5Sb5BhgHSuNFrYeiWD+KFUZSBu8KtslmBSg==",
        "dependencies": {
          "Microsoft.AspNetCore.Metadata": "10.0.7",
          "Microsoft.Extensions.Diagnostics": "10.0.7",
          "Microsoft.Extensions.Logging.Abstractions": "10.0.7",
          "Microsoft.Extensions.Options": "10.0.7"
        }
      },
      "Microsoft.AspNetCore.Components": {
        "type": "Transitive",
        "resolved": "10.0.7",
        "contentHash": "IqDKEqxJdEDJAdwuyHYJxT87Y+BacIYfnemmFe8u9Cz4IVcAI04vB9rUXSdnUW2wTE4zs7KHquHylxsDL4tT2A==",
        "dependencies": {
          "Microsoft.AspNetCore.Authorization": "10.0.7",
          "Microsoft.AspNetCore.Components.Analyzers": "10.0.7"
        }
      },
      "Microsoft.AspNetCore.Components.Analyzers": {
        "type": "Transitive",
        "resolved": "10.0.7",
        "contentHash": "WJB74Y3kA+EzTQeCyqjEDm15gOfTa6DFVbSWA/N4Bifwg6i5isVKUa8CESCtwRytFdx3mx5eAK2Pa1rMsruYyQ=="
      },
      "Microsoft.AspNetCore.Components.Forms": {
        "type": "Transitive",
        "resolved": "10.0.7",
        "contentHash": "xP7wn6TIktjkqZ3R0FAeZFqkMgOPn8CDPFTRNPaMfbZMgfOJOofki7V5zLYnQ0PbhlpR56jJbzEGi/jIjJ0CCg==",
        "dependencies": {
          "Microsoft.AspNetCore.Components": "10.0.7",
          "Microsoft.Extensions.Validation": "10.0.7"
        }
      },
      "Microsoft.AspNetCore.Metadata": {
        "type": "Transitive",
        "resolved": "10.0.7",
        "contentHash": "2R5OttDx1xwxcjp4Mhm/egEFtQBJq7haSX5L32QF7Q0wTN/PBdqEpuJoBnlvVVuph9gYz5jtWh2wpzz1tIFltg=="
      },
      "Microsoft.AspNetCore.Mvc.Testing": {
        "type": "Transitive",
        "resolved": "10.0.6",
        "contentHash": "OjebKy5JV75OIN0zXNAMzC5YtJTf/dd5UfIl8E/vUMakwYjEhod5gjQo3EUC0HpUgwsrNpCBs3uS+Qxw2Y+axA==",
        "dependencies": {
          "Microsoft.AspNetCore.TestHost": "10.0.6",
          "Microsoft.Extensions.DependencyModel": "10.0.6",
          "Microsoft.Extensions.Hosting": "10.0.6"
        }
      },
      "Microsoft.AspNetCore.TestHost": {
        "type": "Transitive",
        "resolved": "10.0.6",
        "contentHash": "2A6dxcSGlisnVLDp6mTyHiFJgAj/Ahm/t/tfWiowUhqea3SFmpGrQhiQEaCAgj7TwfVQp7IX1XN7MkFRx/u3UQ=="
      },
      "Microsoft.Bcl.AsyncInterfaces": {
        "type": "Transitive",
        "resolved": "6.0.0",
        "contentHash": "UcSjPsst+DfAdJGVDsu346FX0ci0ah+lw3WRtn18NUwEqRt70HaOQ7lI72vy3+1LxtqI3T5GWwV39rQSrCzAeg=="
      },
      "Microsoft.DiaSymReader": {
        "type": "Transitive",
        "resolved": "2.0.0",
        "contentHash": "QcZrCETsBJqy/vQpFtJc+jSXQ0K5sucQ6NUFbTNVHD4vfZZOwjZ/3sBzczkC4DityhD3AVO/+K/+9ioLs1AgRA=="
      },
      "Microsoft.Extensions.Configuration.Abstractions": {
        "type": "Transitive",
        "resolved": "10.0.7",
        "contentHash": "t56nEgvECcyLPojZIUFWJknQQDAbgfTf9J+QMYJE1YYvVgz69vN6B/AKL8Grvj3Lcnp8kTpNqwmwFhb3YLJmtQ==",
        "dependencies": {
          "Microsoft.Extensions.Primitives": "10.0.7"
        }
      },
      "Microsoft.Extensions.Configuration.CommandLine": {
        "type": "Transitive",
        "resolved": "10.0.6",
        "contentHash": "QIhi6cJMfeGBGs36DGc+3k5yYFAc9TAk3TN3WaommALXVv+syLSIkFwDgXDtrXvAgvFwOrRjxWpzJ88TLD1uhA==",
        "dependencies": {
          "Microsoft.Extensions.Configuration": "10.0.6",
          "Microsoft.Extensions.Configuration.Abstractions": "10.0.6"
        }
      },
      "Microsoft.Extensions.Configuration.EnvironmentVariables": {
        "type": "Transitive",
        "resolved": "10.0.6",
        "contentHash": "ZqkqIq6AXCBrLHqLGpjv0otGo0Dx1rF1UdDuVWDiog8jXuRwb3IH59fDONIxUschwDcYaD5xftrPCWdH1YD6lQ==",
        "dependencies": {
          "Microsoft.Extensions.Configuration": "10.0.6",
          "Microsoft.Extensions.Configuration.Abstractions": "10.0.6"
        }
      },
      "Microsoft.Extensions.Configuration.FileExtensions": {
        "type": "Transitive",
        "resolved": "10.0.7",
        "contentHash": "qbZLvLsoTdArSloEnSxs21P781YUmwVmHc5NJPQD/ezAreQ7884z+6QfAZVKi86WAZtzx83jK2uC4itxOM44gQ==",
        "dependencies": {
          "Microsoft.Extensions.Configuration": "10.0.7",
          "Microsoft.Extensions.Configuration.Abstractions": "10.0.7",
          "Microsoft.Extensions.FileProviders.Abstractions": "10.0.7",
          "Microsoft.Extensions.FileProviders.Physical": "10.0.7",
          "Microsoft.Extensions.Primitives": "10.0.7"
        }
      },
      "Microsoft.Extensions.Configuration.Json": {
        "type": "Transitive",
        "resolved": "10.0.7",
        "contentHash": "64dimvyyKk0dbUbrLg/YCv4ugJ4sVz2aXLwfvZwR1EC4tJqW9ru/oVRcXwoJRa2lQGXtYtlpk4maWOeIb48tQw==",
        "dependencies": {
          "Microsoft.Extensions.Configuration": "10.0.7",
          "Microsoft.Extensions.Configuration.Abstractions": "10.0.7",
          "Microsoft.Extensions.Configuration.FileExtensions": "10.0.7",
          "Microsoft.Extensions.FileProviders.Abstractions": "10.0.7"
        }
      },
      "Microsoft.Extensions.Configuration.UserSecrets": {
        "type": "Transitive",
        "resolved": "10.0.6",
        "contentHash": "DBuOHuzQitvowdS06xaHaOQl1Tcy8D+vU/FNAClkMPB23skPDbmN14t0ijJlQUGC9o10u+x+xVEsQk30ywYFtQ==",
        "dependencies": {
          "Microsoft.Extensions.Configuration.Abstractions": "10.0.6",
          "Microsoft.Extensions.Configuration.Json": "10.0.6",
          "Microsoft.Extensions.FileProviders.Abstractions": "10.0.6",
          "Microsoft.Extensions.FileProviders.Physical": "10.0.6"
        }
      },
      "Microsoft.Extensions.DependencyInjection": {
        "type": "Transitive",
        "resolved": "10.0.7",
        "contentHash": "91F/o3emPV/+xY/ip3s2LqDNF14kjttlVtq0BXgg6p4MnCzeSZxnUJm+t6WRrtD3JdGo88/oX+z7OwK4y8PZuw==",
        "dependencies": {
          "Microsoft.Extensions.DependencyInjection.Abstractions": "10.0.7"
        }
      },
      "Microsoft.Extensions.DependencyModel": {
        "type": "Transitive",
        "resolved": "10.0.6",
        "contentHash": "xHMiq0J/wbyKDQ/tHB1FxylNWZLLlSf61Fw8XRneG6KTovjabNJiWtQoJ1MKCk71Bjr1TG1wAPVe8QZYphihLQ=="
      },
      "Microsoft.Extensions.Diagnostics": {
        "type": "Transitive",
        "resolved": "10.0.7",
        "contentHash": "l+smp1qPlU0OUXD0OGfdp7OUFrbdq7ZaP5T7m2WpfZ4RFKD7iG73BAT7tjSMxNmbSXkhAn1jYHOAqzYG1r9sNg==",
        "dependencies": {
          "Microsoft.Extensions.Configuration": "10.0.7",
          "Microsoft.Extensions.Diagnostics.Abstractions": "10.0.7",
          "Microsoft.Extensions.Options.ConfigurationExtensions": "10.0.7"
        }
      },
      "Microsoft.Extensions.Diagnostics.Abstractions": {
        "type": "Transitive",
        "resolved": "10.0.7",
        "contentHash": "uJ9JP677y+uy+C0vtaSfi7XXgFAdz8DhU3M9lwwIXDfQKcyQ0yxM9DVYa0NXDtdVTYA2eBUtVFZ8LY0GCdeE/w==",
        "dependencies": {
          "Microsoft.Extensions.DependencyInjection.Abstractions": "10.0.7",
          "Microsoft.Extensions.Options": "10.0.7"
        }
      },
      "Microsoft.Extensions.FileProviders.Abstractions": {
        "type": "Transitive",
        "resolved": "10.0.7",
        "contentHash": "teioDgVpi8L186wUfrXQV1YuBt6lCSPmFZiMZo53+FZxHFjOV+f4GXo4LXgJ273Mku9//AdXWVjk9J7eJP6inw==",
        "dependencies": {
          "Microsoft.Extensions.Primitives": "10.0.7"
        }
      },
      "Microsoft.Extensions.FileProviders.Physical": {
        "type": "Transitive",
        "resolved": "10.0.7",
        "contentHash": "zhgWg/i0ECj5v0jLFBSZHplvc5ygCI91DR4nne+BP4XAKF5ycz0pEKnFiTw8C1jCABJEZsnBZh6pXAvn71kFmw==",
        "dependencies": {
          "Microsoft.Extensions.FileProviders.Abstractions": "10.0.7",
          "Microsoft.Extensions.FileSystemGlobbing": "10.0.7",
          "Microsoft.Extensions.Primitives": "10.0.7"
        }
      },
      "Microsoft.Extensions.FileSystemGlobbing": {
        "type": "Transitive",
        "resolved": "10.0.7",
        "contentHash": "NTUspqB+vH9g4wAD6KPOBx01xqYuKXR/cHXm449zpbq1GqfjdAxBmg7eJXrNsPw7SKwIdT2cJ05GxYVvc+lvsA=="
      },
      "Microsoft.Extensions.Hosting.Abstractions": {
        "type": "Transitive",
        "resolved": "10.0.6",
        "contentHash": "x3C8tgsX+xWvV5u76LFm24/U7sSnCRjuudBkbFsMV/DIqCA85te7YGg6dpa7lBToDhi4Lry9E7Arpy0laUw5AQ==",
        "dependencies": {
          "Microsoft.Extensions.Configuration.Abstractions": "10.0.6",
          "Microsoft.Extensions.DependencyInjection.Abstractions": "10.0.6",
          "Microsoft.Extensions.Diagnostics.Abstractions": "10.0.6",
          "Microsoft.Extensions.FileProviders.Abstractions": "10.0.6",
          "Microsoft.Extensions.Logging.Abstractions": "10.0.6"
        }
      },
      "Microsoft.Extensions.Logging": {
        "type": "Transitive",
        "resolved": "10.0.7",
        "contentHash": "hOeRIQ63GkgiYCB/MIFp+LQs8aXpJXpB55t6Aj37ab7t2/6WeFcPXxYM9hdy/o5tffzwf8mhqzLJP6mjGYCxjw==",
        "dependencies": {
          "Microsoft.Extensions.DependencyInjection": "10.0.7",
          "Microsoft.Extensions.Logging.Abstractions": "10.0.7",
          "Microsoft.Extensions.Options": "10.0.7"
        }
      },
      "Microsoft.Extensions.Logging.Abstractions": {
        "type": "Transitive",
        "resolved": "10.0.7",
        "contentHash": "tIEcQ2gvERrH2KiCjdsVcHGhXt9lIsuDStfOIeZWr7/fP8IXhGiYfx0/80PNI7WPO2IYuFtlZLSlnTS8+/Mchw==",
        "dependencies": {
          "Microsoft.Extensions.DependencyInjection.Abstractions": "10.0.7"
        }
      },
      "Microsoft.Extensions.Logging.Configuration": {
        "type": "Transitive",
        "resolved": "10.0.6",
        "contentHash": "YXyeFL/MFNuy7k4zCIxldXdyyK7hpW3wPnqyS5HxOJ+BkMkaT7cYVmpWYNnRaiEM6a98vjVjvIRHiUUsTJfc6g==",
        "dependencies": {
          "Microsoft.Extensions.Configuration": "10.0.6",
          "Microsoft.Extensions.Configuration.Abstractions": "10.0.6",
          "Microsoft.Extensions.Configuration.Binder": "10.0.6",
          "Microsoft.Extensions.DependencyInjection.Abstractions": "10.0.6",
          "Microsoft.Extensions.Logging": "10.0.6",
          "Microsoft.Extensions.Logging.Abstractions": "10.0.6",
          "Microsoft.Extensions.Options": "10.0.6",
          "Microsoft.Extensions.Options.ConfigurationExtensions": "10.0.6"
        }
      },
      "Microsoft.Extensions.Logging.Console": {
        "type": "Transitive",
        "resolved": "10.0.6",
        "contentHash": "i6yclZFcPCX3MWphzPEbnBXpgT9vjZQppS4mFFvzSVols9JvvZPVeMe1ufv1bWC0/NwrBY5C+xKX4Joq+8HCkg==",
        "dependencies": {
          "Microsoft.Extensions.DependencyInjection.Abstractions": "10.0.6",
          "Microsoft.Extensions.Logging": "10.0.6",
          "Microsoft.Extensions.Logging.Abstractions": "10.0.6",
          "Microsoft.Extensions.Logging.Configuration": "10.0.6",
          "Microsoft.Extensions.Options": "10.0.6"
        }
      },
      "Microsoft.Extensions.Logging.Debug": {
        "type": "Transitive",
        "resolved": "10.0.6",
        "contentHash": "CS6sPOCtu4NZo7fy4+475DPyqP0Yty2lj14yGZBC6JRdLQKuy+698gcZpKlCEzfr/0mqnbuBlrLRr/LgI7u/4g==",
        "dependencies": {
          "Microsoft.Extensions.DependencyInjection.Abstractions": "10.0.6",
          "Microsoft.Extensions.Logging": "10.0.6",
          "Microsoft.Extensions.Logging.Abstractions": "10.0.6"
        }
      },
      "Microsoft.Extensions.Logging.EventLog": {
        "type": "Transitive",
        "resolved": "10.0.6",
        "contentHash": "E/EI8sRdfbdLfHsmtdVwvX2ygoyCvP0l8Bk95QS00nw7ZHuEIibalafSTNMGrIz34+Wriyivl6unQ56g634QPQ==",
        "dependencies": {
          "Microsoft.Extensions.DependencyInjection.Abstractions": "10.0.6",
          "Microsoft.Extensions.Logging": "10.0.6",
          "Microsoft.Extensions.Logging.Abstractions": "10.0.6",
          "Microsoft.Extensions.Options": "10.0.6",
          "System.Diagnostics.EventLog": "10.0.6"
        }
      },
      "Microsoft.Extensions.Logging.EventSource": {
        "type": "Transitive",
        "resolved": "10.0.6",
        "contentHash": "On5ERRSmspe7/rCoiy+gaWmNI2hriIBTQS/2jtakeKE9MR7iDhOOjVjzjWapzZW3BlzAi4xCkocNqFl2AYQN3g==",
        "dependencies": {
          "Microsoft.Extensions.DependencyInjection.Abstractions": "10.0.6",
          "Microsoft.Extensions.Logging": "10.0.6",
          "Microsoft.Extensions.Logging.Abstractions": "10.0.6",
          "Microsoft.Extensions.Options": "10.0.6",
          "Microsoft.Extensions.Primitives": "10.0.6"
        }
      },
      "Microsoft.Extensions.Options": {
        "type": "Transitive",
        "resolved": "10.0.7",
        "contentHash": "00SHUGTh2jSMvIr6x9Xwd2nE+B5/qFCO/9hDwUDhJsjYRDlADmaBZ7tqehXzBDsfjHSXJzuRHJzPYPPjphBQ7Q==",
        "dependencies": {
          "Microsoft.Extensions.DependencyInjection.Abstractions": "10.0.7",
          "Microsoft.Extensions.Primitives": "10.0.7"
        }
      },
      "Microsoft.Extensions.Options.ConfigurationExtensions": {
        "type": "Transitive",
        "resolved": "10.0.7",
        "contentHash": "IT7f+EMXZtkjatEcF+o6aOw/7OE4etRrMiDGEWH/iiTu2R3uhC4NEQJCfHiibtX45U3sIQ5Fh6tbb1qaOz3YAg==",
        "dependencies": {
          "Microsoft.Extensions.Configuration.Abstractions": "10.0.7",
          "Microsoft.Extensions.Configuration.Binder": "10.0.7",
          "Microsoft.Extensions.DependencyInjection.Abstractions": "10.0.7",
          "Microsoft.Extensions.Options": "10.0.7",
          "Microsoft.Extensions.Primitives": "10.0.7"
        }
      },
      "Microsoft.Extensions.Primitives": {
        "type": "Transitive",
        "resolved": "10.0.7",
        "contentHash": "D5M0Jr551iTgwkZMN9rm0pSkgNLj5quUWQUmQPMZh7k/bnvZTnXRGfE2KuvXf1EEjt/ofD9yw9IumpgdP9QCnw=="
      },
      "Microsoft.Extensions.Validation": {
        "type": "Transitive",
        "resolved": "10.0.7",
        "contentHash": "y2O88GZIPWjQ697i78Kh5vGklTg6QmmCMIlFyCnaYv43aep1got1cQwowxj5diqAl/acgrSUceDbpxkHyrox3g==",
        "dependencies": {
          "Microsoft.Extensions.DependencyInjection.Abstractions": "10.0.7",
          "Microsoft.Extensions.Options": "10.0.7"
        }
      },
      "Microsoft.JSInterop": {
        "type": "Transitive",
        "resolved": "10.0.7",
        "contentHash": "JcfJ0m58auJhs12/cllGaiNLfx8kkOk7yLqjmTeVVxH6koNv04x319lN28xBXCMH+IdRHjQEEA5XuTMAtdQaQA=="
      },
      "Microsoft.JSInterop.WebAssembly": {
        "type": "Transitive",
        "resolved": "10.0.7",
        "contentHash": "qHLPMsIQhqQ5jTBU3MzQg37rp6EzKT2iaMfGOSzBEiGxg4i+/1aGj3T19u/sboEGMPBx2nwIMLbSK1zLZucMcQ==",
        "dependencies": {
          "Microsoft.JSInterop": "10.0.7"
        }
      },
      "Microsoft.Playwright": {
        "type": "Transitive",
        "resolved": "1.59.0",
        "contentHash": "igqHbZMmXI6cYNPg1X1o5/51U3CQp83lvvov/d/zmus2wlG1LjvpEL6i1Jx51pRahPtSyppvwq+ZoBfxeSjiew==",
        "dependencies": {
          "Microsoft.Bcl.AsyncInterfaces": "6.0.0",
          "System.ComponentModel.Annotations": "5.0.0"
        }
      },
      "Microsoft.Playwright.TestAdapter": {
        "type": "Transitive",
        "resolved": "1.59.0",
        "contentHash": "/1BaG9hz5eU5o8AWGgB9IY6vkV/VSTnkXYq9hX7ef6dRV8q+vo+NvmkvFhJasy3g/Ge3/7WGmnxfbHlC1CfN+w==",
        "dependencies": {
          "Microsoft.Playwright": "1.59.0",
          "Microsoft.TestPlatform.ObjectModel": "17.3.0"
        }
      },
      "Microsoft.Testing.Extensions.Telemetry": {
        "type": "Transitive",
        "resolved": "2.0.2",
        "contentHash": "H580BvHyuADoWzlH9zRk5fqVyGucm6mhph+k40CQc9O4ie+Buxa4Pk9Q92BEClqIICqi25J7fuMII9qFYYgKtw==",
        "dependencies": {
          "Microsoft.ApplicationInsights": "2.23.0",
          "Microsoft.Testing.Platform": "2.0.2"
        }
      },
      "Microsoft.Testing.Extensions.TrxReport.Abstractions": {
        "type": "Transitive",
        "resolved": "2.0.2",
        "contentHash": "MrHYdPZ1CiyYp5bfjzNSghfVwl/I9osMazcZMAbwZY0BhR32i70YLf4zSXECvU2qt2PvDdrjYpGRgBscFbjDpw==",
        "dependencies": {
          "Microsoft.Testing.Platform": "2.0.2"
        }
      },
      "Microsoft.Testing.Platform": {
        "type": "Transitive",
        "resolved": "2.0.2",
        "contentHash": "43NCOTEENtdc9fmlzX9KHQR14AZEYek5r4jOJlWPhTyV1+aYAQYl4x773nYXU5TKxV6+rMuniJ7wcj9C9qrP1A=="
      },
      "Microsoft.Testing.Platform.MSBuild": {
        "type": "Transitive",
        "resolved": "2.0.2",
        "contentHash": "2zKkQKaUoaKgb/3AekboWOdLMh4upCo1nLWQnjGzp8r9YjiNOZRrzTsJQ3A4U03AcbH0evlIvFDKYSUqmTVuug==",
        "dependencies": {
          "Microsoft.Testing.Platform": "2.0.2"
        }
      },
      "Microsoft.TestPlatform.ObjectModel": {
        "type": "Transitive",
        "resolved": "17.3.0",
        "contentHash": "6NRzi6QbmWV49Psf8A9z1LTJU4nBrlJdCcDOUyD4Ttm1J2wvksu98GlV+52CkxtpgNsUjGr9Mv1Rbb1/dB06yQ==",
        "dependencies": {
          "NuGet.Frameworks": "5.11.0"
        }
      },
      "Microsoft.Win32.Registry": {
        "type": "Transitive",
        "resolved": "5.0.0",
        "contentHash": "dDoKi0PnDz31yAyETfRntsLArTlVAVzUzCIvvEDsDsucrl33Dl8pIJG06ePTJTI3tGpeyHS9Cq7Foc/s4EeKcg=="
      },
      "NuGet.Frameworks": {
        "type": "Transitive",
        "resolved": "5.11.0",
        "contentHash": "eaiXkUjC4NPcquGWzAGMXjuxvLwc6XGKMptSyOGQeT0X70BUZObuybJFZLA0OfTdueLd3US23NBPTBb6iF3V1Q=="
      },
      "System.ComponentModel.Annotations": {
        "type": "Transitive",
        "resolved": "5.0.0",
        "contentHash": "dMkqfy2el8A8/I76n2Hi1oBFEbG1SfxD2l5nhwXV3XjlnOmwxJlQbYpJH4W51odnU9sARCSAgv7S3CyAFMkpYg=="
      },
      "System.Diagnostics.EventLog": {
        "type": "Transitive",
        "resolved": "10.0.6",
        "contentHash": "RMe4gRBwSVd1O6HVRjNwLgcH2jjrT8sHyNRJegZLX68voA+HzMf1xZPvFxMMDpyW86B9U2pYslgl4DFCE61WyA=="
      },
      "xunit.analyzers": {
        "type": "Transitive",
        "resolved": "1.27.0",
        "contentHash": "y/pxIQaLvk/kxAoDkZW9GnHLCEqzwl5TW0vtX3pweyQpjizB9y3DXhb9pkw2dGeUqhLjsxvvJM1k89JowU6z3g=="
      },
      "xunit.v3.assert": {
        "type": "Transitive",
        "resolved": "3.2.2",
        "contentHash": "BPciBghgEEaJN/JG00QfCYDfEfnLgQhfnYEy+j1izoeHVNYd5+3Wm8GJ6JgYysOhpBPYGE+sbf75JtrRc7jrdA=="
      },
      "xunit.v3.common": {
        "type": "Transitive",
        "resolved": "3.2.2",
        "contentHash": "Hj775PEH6GTbbg0wfKRvG2hNspDCvTH9irXhH4qIWgdrOSV1sQlqPie+DOvFeigsFg2fxSM3ZAaaCDQs+KreFA==",
        "dependencies": {
          "Microsoft.Bcl.AsyncInterfaces": "6.0.0"
        }
      },
      "xunit.v3.core.mtp-v2": {
        "type": "Transitive",
        "resolved": "3.2.2",
        "contentHash": "zW82tdCm+T1uUD1JKE+SmhgMq8nCAvcFPRLIVEiRgaxBSjcyJEKopLU3bHGOa416q+N3Dz7m1zLoPR5VJ5OQ+Q==",
        "dependencies": {
          "Microsoft.Testing.Extensions.Telemetry": "2.0.2",
          "Microsoft.Testing.Extensions.TrxReport.Abstractions": "2.0.2",
          "Microsoft.Testing.Platform": "2.0.2",
          "Microsoft.Testing.Platform.MSBuild": "2.0.2",
          "xunit.v3.extensibility.core": "[3.2.2]",
          "xunit.v3.runner.inproc.console": "[3.2.2]"
        }
      },
      "xunit.v3.extensibility.core": {
        "type": "Transitive",
        "resolved": "3.2.2",
        "contentHash": "srY8z/oMPvh/t8axtO2DwrHajhFMH7tnqKildvYrVQIfICi8fOn3yIBWkVPAcrKmHMwvXRJ/XsQM3VMR6DOYfQ==",
        "dependencies": {
          "xunit.v3.common": "[3.2.2]"
        }
      },
      "xunit.v3.runner.common": {
        "type": "Transitive",
        "resolved": "3.2.2",
        "contentHash": "/hkHkQCzGrugelOAehprm7RIWdsUFVmIVaD6jDH/8DNGCymTlKKPTbGokD5czbAfqfex47mBP0sb0zbHYwrO/g==",
        "dependencies": {
          "Microsoft.Win32.Registry": "[5.0.0]",
          "xunit.v3.common": "[3.2.2]"
        }
      },
      "xunit.v3.runner.inproc.console": {
        "type": "Transitive",
        "resolved": "3.2.2",
        "contentHash": "ulWOdSvCk+bPXijJZ73bth9NyoOHsAs1ZOvamYbCkD4DNLX/Bd29Ve2ZNUwBbK0MqfIYWXHZViy/HKrdEC/izw==",
        "dependencies": {
          "xunit.v3.extensibility.core": "[3.2.2]",
          "xunit.v3.runner.common": "[3.2.2]"
        }
      },
      "server": {
        "type": "Project",
        "dependencies": {
          "Microsoft.AspNetCore.Components.WebAssembly.Server": "[10.0.7, )",
          "Shared": "[5.10.0, )"
        }
      },
      "shared": {
        "type": "Project",
        "dependencies": {
          "Bogus": "[35.6.4, )",
          "Microsoft.AspNetCore.Components.Web": "[10.0.7, )",
          "ViciOne.Ui.Blazor.Components": "[5.10.0, )",
          "ViciOne.Ui.Localization": "[3.0.1, )",
          "ViciOne.Ui.MonochromeIcons.Components": "[4.9.0, )",
          "ViciOne.Ui.MonochromeIcons.Core": "[4.9.0, )"
        }
      },
      "vicione.ui.blazor.components": {
        "type": "Project",
        "dependencies": {
          "Microsoft.AspNetCore.Components.QuickGrid": "[10.0.7, )",
          "Microsoft.AspNetCore.Components.Web": "[10.0.7, )",
          "ViciOne.Ui.Localization": "[3.0.1, )",
          "ViciOne.Ui.MonochromeIcons.Components": "[4.9.0, )"
        }
      },
      "Bogus": {
        "type": "CentralTransitive",
        "requested": "[35.6.4, )",
        "resolved": "35.6.4",
        "contentHash": "9ruy4agpXZ2L3B29IypUZJh61/lq+7Tbs03KyS0Uxrkx7c20JuWB1vMtZ0xBqwnekZGphjBhX7MkhM1nb5BA5g=="
      },
      "Microsoft.AspNetCore.Components.QuickGrid": {
        "type": "CentralTransitive",
        "requested": "[10.0.7, )",
        "resolved": "10.0.7",
        "contentHash": "Ij60ebCcvCihyDUHkPdEdSZFC8yhtD1gMFFmTLE56W+Nzj4DggZ2seqNVGdepg8J6qUU6rXshtbUrRwfQtILKw==",
        "dependencies": {
          "Microsoft.AspNetCore.Components.Web": "10.0.7"
        }
      },
      "Microsoft.AspNetCore.Components.Web": {
        "type": "CentralTransitive",
        "requested": "[10.0.7, )",
        "resolved": "10.0.7",
        "contentHash": "o/rwwO9Ntaa3CD72rC7SJ8Syu/1RqLifPZih1j/r0SJckKSwng3j6vzYP1fqFnhOqe5bQSENGESbFoEsCwVd3g==",
        "dependencies": {
          "Microsoft.AspNetCore.Components": "10.0.7",
          "Microsoft.AspNetCore.Components.Forms": "10.0.7",
          "Microsoft.Extensions.DependencyInjection": "10.0.7",
          "Microsoft.Extensions.Primitives": "10.0.7",
          "Microsoft.JSInterop": "10.0.7"
        }
      },
      "Microsoft.AspNetCore.Components.WebAssembly": {
        "type": "CentralTransitive",
        "requested": "[10.0.7, )",
        "resolved": "10.0.7",
        "contentHash": "3MdUFSPOBlmkCx+YjWQS0s1B+v5QeyHxmix9yQ+HIiF/a01xpgIDXECOK5tCwOwjol01QP0fzKBnBP5LBBRETQ==",
        "dependencies": {
          "Microsoft.AspNetCore.Components.Web": "10.0.7",
          "Microsoft.Extensions.Configuration.Binder": "10.0.7",
          "Microsoft.Extensions.Configuration.Json": "10.0.7",
          "Microsoft.Extensions.Logging": "10.0.7",
          "Microsoft.JSInterop.WebAssembly": "10.0.7"
        }
      },
      "Microsoft.AspNetCore.Components.WebAssembly.Server": {
        "type": "CentralTransitive",
        "requested": "[10.0.7, )",
        "resolved": "10.0.7",
        "contentHash": "OfuZkTusYUgT3m9C94OSv3m1mNiIryUL8nw6VMexWQdVMLD71w+HJeIK+l6u5HuMRrc3GegUuFPazrtBwrQj5Q==",
        "dependencies": {
          "Microsoft.AspNetCore.Components.WebAssembly": "10.0.7"
        }
      },
      "Microsoft.Extensions.Configuration": {
        "type": "CentralTransitive",
        "requested": "[10.0.7, )",
        "resolved": "10.0.7",
        "contentHash": "wZbGh7J8R1vXN525O6d8dlcDTxhRTnd5MyW4LdfP5S0tSnTwTCseYSrq6g0Mxh7W9xn8P/2xPuf0D/m6k2dy2w==",
        "dependencies": {
          "Microsoft.Extensions.Configuration.Abstractions": "10.0.7",
          "Microsoft.Extensions.Primitives": "10.0.7"
        }
      },
      "Microsoft.Extensions.Configuration.Binder": {
        "type": "CentralTransitive",
        "requested": "[10.0.7, )",
        "resolved": "10.0.7",
        "contentHash": "8bS1qIaRivny+WX+49pmeJ6iAylbtX8C0DLEcCQWZjdxQvLqaMssXiGD9P/6pYElrHbK5/nAHmjbQ8STqdMYeg==",
        "dependencies": {
          "Microsoft.Extensions.Configuration": "10.0.7",
          "Microsoft.Extensions.Configuration.Abstractions": "10.0.7"
        }
      },
      "Microsoft.Extensions.DependencyInjection.Abstractions": {
        "type": "CentralTransitive",
        "requested": "[10.0.7, )",
        "resolved": "10.0.7",
        "contentHash": "Z6mfFEaFcwCfSboxJwOLfu7/31npCY9q70WUamHW/vRQhDvBKOT4Vf9YkZj5J6hLvJpb0oDEYfHunQZj0xxvKw=="
      },
      "Microsoft.Extensions.Hosting": {
        "type": "CentralTransitive",
        "requested": "[10.0.7, )",
        "resolved": "10.0.6",
        "contentHash": "ygrWasQx4OgbUfJpA2PQHon+c5yQWSoIpG2+f2uyEGs8ciTRoyn+Ne12e9zp6VZ2GNNb8CnUoxq1ika66tjVCA==",
        "dependencies": {
          "Microsoft.Extensions.Configuration": "10.0.6",
          "Microsoft.Extensions.Configuration.Abstractions": "10.0.6",
          "Microsoft.Extensions.Configuration.Binder": "10.0.6",
          "Microsoft.Extensions.Configuration.CommandLine": "10.0.6",
          "Microsoft.Extensions.Configuration.EnvironmentVariables": "10.0.6",
          "Microsoft.Extensions.Configuration.FileExtensions": "10.0.6",
          "Microsoft.Extensions.Configuration.Json": "10.0.6",
          "Microsoft.Extensions.Configuration.UserSecrets": "10.0.6",
          "Microsoft.Extensions.DependencyInjection": "10.0.6",
          "Microsoft.Extensions.DependencyInjection.Abstractions": "10.0.6",
          "Microsoft.Extensions.Diagnostics": "10.0.6",
          "Microsoft.Extensions.FileProviders.Abstractions": "10.0.6",
          "Microsoft.Extensions.FileProviders.Physical": "10.0.6",
          "Microsoft.Extensions.Hosting.Abstractions": "10.0.6",
          "Microsoft.Extensions.Logging": "10.0.6",
          "Microsoft.Extensions.Logging.Abstractions": "10.0.6",
          "Microsoft.Extensions.Logging.Configuration": "10.0.6",
          "Microsoft.Extensions.Logging.Console": "10.0.6",
          "Microsoft.Extensions.Logging.Debug": "10.0.6",
          "Microsoft.Extensions.Logging.EventLog": "10.0.6",
          "Microsoft.Extensions.Logging.EventSource": "10.0.6",
          "Microsoft.Extensions.Options": "10.0.6"
        }
      },
      "ViciOne.Ui.Localization": {
        "type": "CentralTransitive",
        "requested": "[3.0.1, )",
        "resolved": "3.0.1",
        "contentHash": "8B3ssYUJ38bxV2bGUQUPSekmK2YQ9pwXptmdXsBHOsqIku0G22kXef57Wu0zo13g9Lsf6C7KTSdi5ouCW36z+g=="
      },
      "ViciOne.Ui.MonochromeIcons.Components": {
        "type": "CentralTransitive",
        "requested": "[4.9.0, )",
        "resolved": "4.9.0",
        "contentHash": "VrfN89cP3BXFUbFWuiBK5bFmyJMu5AYpto4AGogOZIGYPPROa830JjuZNrUfxBHtBAH3L7/aX1t4N5gT87pQtA==",
        "dependencies": {
          "Microsoft.AspNetCore.Components.Web": "10.0.6",
          "ViciOne.Ui.MonochromeIcons.Core": "4.9.0"
        }
      },
      "ViciOne.Ui.MonochromeIcons.Core": {
        "type": "CentralTransitive",
        "requested": "[4.9.0, )",
        "resolved": "4.9.0",
        "contentHash": "PVVaC/XdzXW+4Eyz1hLfZTGtgmFPIiKEvgu1dFFmYfwawiXnz8rHTai+NT6EpGjdKGO2cFosNuyrMW5vUSzefQ=="
      }
    }
  }
}